{
    "version": 3,
    "terraform_version": "0.11.7",
    "serial": 131,
    "lineage": "a528b8b3-77ae-37e7-5fc7-a2af7acff8cf",
    "modules": [
        {
            "path": [
                "root"
            ],
            "outputs": {
                "ALB-DNS": {
                    "sensitive": false,
                    "type": "string",
                    "value": "ext-alb-18081443.us-west-1.elb.amazonaws.com"
                },
                "MGT-IP-FW-1": {
                    "sensitive": false,
                    "type": "string",
                    "value": "13.52.133.181"
                },
                "NLB-DNS": {
                    "sensitive": false,
                    "type": "string",
                    "value": "INT-NLB-5a40400cf084019a.elb.us-west-1.amazonaws.com"
                }
            },
            "resources": {
                "aws_eip.FW1-MGT": {
                    "type": "aws_eip",
                    "depends_on": [
                        "aws_internet_gateway.gw",
                        "aws_vpc.main"
                    ],
                    "primary": {
                        "id": "eipalloc-04c1dc86c218bb167",
                        "attributes": {
                            "association_id": "eipassoc-013caaa13ab550fee",
                            "domain": "vpc",
                            "id": "eipalloc-04c1dc86c218bb167",
                            "instance": "i-0efbed9d10d282a48",
                            "network_interface": "eni-0d4c7be1d5e15e460",
                            "private_ip": "10.0.0.10",
                            "public_ip": "13.52.133.181",
                            "public_ipv4_pool": "amazon",
                            "tags.%": "0",
                            "vpc": "true"
                        },
                        "meta": {
                            "e2bfb730-ecaa-11e6-8f88-34363bc7c4c0": {
                                "delete": 180000000000,
                                "read": 900000000000,
                                "update": 300000000000
                            }
                        },
                        "tainted": false
                    },
                    "deposed": [],
                    "provider": "provider.aws"
                },
                "aws_eip.FW1-PUB": {
                    "type": "aws_eip",
                    "depends_on": [
                        "aws_internet_gateway.gw",
                        "aws_vpc.main"
                    ],
                    "primary": {
                        "id": "eipalloc-08a7e89ad64cc3605",
                        "attributes": {
                            "association_id": "eipassoc-0b3686e3c7b63348a",
                            "domain": "vpc",
                            "id": "eipalloc-08a7e89ad64cc3605",
                            "instance": "i-0efbed9d10d282a48",
                            "network_interface": "eni-042133e9997b70268",
                            "private_ip": "10.0.1.10",
                            "public_ip": "13.57.120.169",
                            "public_ipv4_pool": "amazon",
                            "tags.%": "0",
                            "vpc": "true"
                        },
                        "meta": {
                            "e2bfb730-ecaa-11e6-8f88-34363bc7c4c0": {
                                "delete": 180000000000,
                                "read": 900000000000,
                                "update": 300000000000
                            }
                        },
                        "tainted": false
                    },
                    "deposed": [],
                    "provider": "provider.aws"
                },
                "aws_eip.kali": {
                    "type": "aws_eip",
                    "depends_on": [
                        "aws_internet_gateway.kaligw",
                        "aws_vpc.kali"
                    ],
                    "primary": {
                        "id": "eipalloc-060b2498455cfb19c",
                        "attributes": {
                            "association_id": "eipassoc-03de0abb4b7a26e62",
                            "domain": "vpc",
                            "id": "eipalloc-060b2498455cfb19c",
                            "instance": "i-056f960a7f4f8d897",
                            "network_interface": "eni-024b0f5ef46090dd7",
                            "private_ip": "10.1.1.50",
                            "public_ip": "13.56.198.181",
                            "public_ipv4_pool": "amazon",
                            "tags.%": "0",
                            "vpc": "true"
                        },
                        "meta": {
                            "e2bfb730-ecaa-11e6-8f88-34363bc7c4c0": {
                                "delete": 180000000000,
                                "read": 900000000000,
                                "update": 300000000000
                            }
                        },
                        "tainted": false
                    },
                    "deposed": [],
                    "provider": "provider.aws"
                },
                "aws_eip.webserver": {
                    "type": "aws_eip",
                    "depends_on": [
                        "aws_internet_gateway.gw",
                        "aws_vpc.main"
                    ],
                    "primary": {
                        "id": "eipalloc-0652343ec046ba6d5",
                        "attributes": {
                            "association_id": "",
                            "domain": "vpc",
                            "id": "eipalloc-0652343ec046ba6d5",
                            "instance": "",
                            "network_interface": "",
                            "private_ip": "",
                            "public_ip": "13.52.160.23",
                            "public_ipv4_pool": "amazon",
                            "tags.%": "0",
                            "vpc": "true"
                        },
                        "meta": {
                            "e2bfb730-ecaa-11e6-8f88-34363bc7c4c0": {
                                "delete": 180000000000,
                                "read": 900000000000,
                                "update": 300000000000
                            }
                        },
                        "tainted": false
                    },
                    "deposed": [],
                    "provider": "provider.aws"
                },
                "aws_eip_association.FW1-TRUST-Association": {
                    "type": "aws_eip_association",
                    "depends_on": [
                        "aws_eip.FW1-MGT",
                        "aws_network_interface.FW1-MGT"
                    ],
                    "primary": {
                        "id": "eipassoc-013caaa13ab550fee",
                        "attributes": {
                            "allocation_id": "eipalloc-04c1dc86c218bb167",
                            "id": "eipassoc-013caaa13ab550fee",
                            "instance_id": "i-0efbed9d10d282a48",
                            "network_interface_id": "eni-0d4c7be1d5e15e460",
                            "private_ip_address": "10.0.0.10",
                            "public_ip": "13.52.133.181"
                        },
                        "meta": {},
                        "tainted": false
                    },
                    "deposed": [],
                    "provider": "provider.aws"
                },
                "aws_eip_association.FW1-UNTRUST-Association": {
                    "type": "aws_eip_association",
                    "depends_on": [
                        "aws_eip.FW1-PUB",
                        "aws_network_interface.FW1-UNTRUST"
                    ],
                    "primary": {
                        "id": "eipassoc-0b3686e3c7b63348a",
                        "attributes": {
                            "allocation_id": "eipalloc-08a7e89ad64cc3605",
                            "id": "eipassoc-0b3686e3c7b63348a",
                            "instance_id": "i-0efbed9d10d282a48",
                            "network_interface_id": "eni-042133e9997b70268",
                            "private_ip_address": "10.0.1.10",
                            "public_ip": "13.57.120.169"
                        },
                        "meta": {},
                        "tainted": false
                    },
                    "deposed": [],
                    "provider": "provider.aws"
                },
                "aws_eip_association.kali-Association": {
                    "type": "aws_eip_association",
                    "depends_on": [
                        "aws_eip.kali",
                        "aws_network_interface.kali-int"
                    ],
                    "primary": {
                        "id": "eipassoc-03de0abb4b7a26e62",
                        "attributes": {
                            "allocation_id": "eipalloc-060b2498455cfb19c",
                            "id": "eipassoc-03de0abb4b7a26e62",
                            "instance_id": "i-056f960a7f4f8d897",
                            "network_interface_id": "eni-024b0f5ef46090dd7",
                            "private_ip_address": "10.1.1.50",
                            "public_ip": "13.56.198.181"
                        },
                        "meta": {},
                        "tainted": false
                    },
                    "deposed": [],
                    "provider": "provider.aws"
                },
                "aws_eip_association.webserver-Association": {
                    "type": "aws_eip_association",
                    "depends_on": [
                        "aws_eip.webserver",
                        "aws_network_interface.web1-int"
                    ],
                    "primary": {
                        "id": "eipassoc-0211dcd820d2304f8",
                        "attributes": {
                            "allocation_id": "eipalloc-0652343ec046ba6d5",
                            "id": "eipassoc-0211dcd820d2304f8",
                            "instance_id": "i-0f0d264919f3c6902",
                            "network_interface_id": "eni-05368613ecc513be1",
                            "private_ip_address": "10.0.2.50",
                            "public_ip": "13.52.160.23"
                        },
                        "meta": {},
                        "tainted": false
                    },
                    "deposed": [],
                    "provider": "provider.aws"
                },
                "aws_iam_instance_profile.JFFBootstrapInstanceProfile": {
                    "type": "aws_iam_instance_profile",
                    "depends_on": [
                        "aws_iam_role.JFFBootstrapRole"
                    ],
                    "primary": {
                        "id": "JFFBootstrapInstanceProfile",
                        "attributes": {
                            "arn": "arn:aws:iam::315800796174:instance-profile/JFFBootstrapInstanceProfile",
                            "create_date": "2019-03-05T16:00:30Z",
                            "id": "JFFBootstrapInstanceProfile",
                            "name": "JFFBootstrapInstanceProfile",
                            "path": "/",
                            "role": "JFFBootstrapRole",
                            "roles.#": "1",
                            "roles.2855527374": "JFFBootstrapRole",
                            "unique_id": "AIPAIOOWLOQVABRGLREFA"
                        },
                        "meta": {},
                        "tainted": false
                    },
                    "deposed": [],
                    "provider": "provider.aws"
                },
                "aws_iam_role.JFFBootstrapRole": {
                    "type": "aws_iam_role",
                    "depends_on": [],
                    "primary": {
                        "id": "JFFBootstrapRole",
                        "attributes": {
                            "arn": "arn:aws:iam::315800796174:role/JFFBootstrapRole",
                            "assume_role_policy": "{\"Version\":\"2012-10-17\",\"Statement\":[{\"Effect\":\"Allow\",\"Principal\":{\"Service\":\"ec2.amazonaws.com\"},\"Action\":\"sts:AssumeRole\"}]}",
                            "create_date": "2019-03-05T16:00:29Z",
                            "description": "",
                            "force_detach_policies": "false",
                            "id": "JFFBootstrapRole",
                            "max_session_duration": "3600",
                            "name": "JFFBootstrapRole",
                            "path": "/",
                            "tags.%": "0",
                            "unique_id": "AROAJEXTQM7DDYJMXP5J4"
                        },
                        "meta": {},
                        "tainted": false
                    },
                    "deposed": [],
                    "provider": "provider.aws"
                },
                "aws_iam_role_policy.JFFBootstrapRolePolicy": {
                    "type": "aws_iam_role_policy",
                    "depends_on": [
                        "aws_iam_role.JFFBootstrapRole"
                    ],
                    "primary": {
                        "id": "JFFBootstrapRole:JFFBootstrapRolePolicy",
                        "attributes": {
                            "id": "JFFBootstrapRole:JFFBootstrapRolePolicy",
                            "name": "JFFBootstrapRolePolicy",
                            "policy": "{\n  \"Version\" : \"2012-10-17\",\n  \"Statement\": [\n    {\n      \"Effect\": \"Allow\",\n      \"Action\": \"s3:ListBucket\",\n      \"Resource\": \"arn:aws:s3:::jff2-auto-bucket\"\n    },\n    {\n    \"Effect\": \"Allow\",\n    \"Action\": \"s3:GetObject\",\n    \"Resource\": \"arn:aws:s3:::jff2-auto-bucket/*\"\n    }\n  ]\n}\n",
                            "role": "JFFBootstrapRole"
                        },
                        "meta": {},
                        "tainted": false
                    },
                    "deposed": [],
                    "provider": "provider.aws"
                },
                "aws_instance.PA-VM1": {
                    "type": "aws_instance",
                    "depends_on": [
                        "aws_iam_instance_profile.JFFBootstrapInstanceProfile",
                        "aws_network_interface.FW1-MGT",
                        "aws_network_interface.FW1-TRUST",
                        "aws_network_interface.FW1-UNTRUST"
                    ],
                    "primary": {
                        "id": "i-033248aa37a9a4f80",
                        "attributes": {
                            "ami": "ami-854551e5",
                            "arn": "arn:aws:ec2:us-west-1:315800796174:instance/i-033248aa37a9a4f80",
                            "associate_public_ip_address": "true",
                            "availability_zone": "us-west-1a",
                            "cpu_core_count": "2",
                            "cpu_threads_per_core": "2",
                            "credit_specification.#": "1",
                            "credit_specification.0.cpu_credits": "standard",
                            "disable_api_termination": "false",
                            "ebs_block_device.#": "0",
                            "ebs_optimized": "true",
                            "ephemeral_block_device.#": "0",
                            "get_password_data": "false",
                            "iam_instance_profile": "JFFBootstrapInstanceProfile",
                            "id": "i-033248aa37a9a4f80",
                            "instance_state": "running",
                            "instance_type": "m4.xlarge",
                            "ipv6_addresses.#": "0",
                            "key_name": "jfranklin3cali",
                            "monitoring": "false",
                            "network_interface.#": "3",
                            "network_interface.3614629521.delete_on_termination": "false",
                            "network_interface.3614629521.device_index": "2",
                            "network_interface.3614629521.network_interface_id": "eni-0b937c8c6c61d4661",
                            "network_interface.585834982.delete_on_termination": "false",
                            "network_interface.585834982.device_index": "0",
                            "network_interface.585834982.network_interface_id": "eni-0d4c7be1d5e15e460",
                            "network_interface.922649815.delete_on_termination": "false",
                            "network_interface.922649815.device_index": "1",
                            "network_interface.922649815.network_interface_id": "eni-042133e9997b70268",
                            "password_data": "",
                            "placement_group": "",
                            "primary_network_interface_id": "eni-0d4c7be1d5e15e460",
                            "private_dns": "ip-10-0-0-10.us-west-1.compute.internal",
                            "private_ip": "10.0.0.10",
                            "public_dns": "",
                            "public_ip": "13.52.133.181",
                            "root_block_device.#": "1",
                            "root_block_device.0.delete_on_termination": "true",
                            "root_block_device.0.iops": "180",
                            "root_block_device.0.volume_id": "vol-02ccd435ac0479471",
                            "root_block_device.0.volume_size": "60",
                            "root_block_device.0.volume_type": "gp2",
                            "security_groups.#": "0",
                            "source_dest_check": "false",
                            "subnet_id": "subnet-03dc11695688db841",
                            "tags.%": "1",
                            "tags.Name": "PA-AZ1",
                            "tenancy": "dedicated",
                            "user_data": "7d20bbe2874cd740b5fd0a3b0140eb9a048427d7",
                            "volume_tags.%": "0",
                            "vpc_security_group_ids.#": "1",
                            "vpc_security_group_ids.1033960063": "sg-0249862690a26b219"
                        },
                        "meta": {
                            "e2bfb730-ecaa-11e6-8f88-34363bc7c4c0": {
                                "create": 600000000000,
                                "delete": 1200000000000,
                                "update": 600000000000
                            },
                            "schema_version": "1"
                        },
                        "tainted": false
                    },
                    "deposed": [],
                    "provider": "provider.aws"
                },
                "aws_instance.kali": {
                    "type": "aws_instance",
                    "depends_on": [
                        "aws_network_interface.kali-int"
                    ],
                    "primary": {
                        "id": "i-056f960a7f4f8d897",
                        "attributes": {
                            "ami": "ami-03e0ff3de0548396b",
                            "arn": "arn:aws:ec2:us-west-1:315800796174:instance/i-056f960a7f4f8d897",
                            "associate_public_ip_address": "true",
                            "availability_zone": "us-west-1a",
                            "cpu_core_count": "2",
                            "cpu_threads_per_core": "1",
                            "credit_specification.#": "1",
                            "credit_specification.0.cpu_credits": "standard",
                            "disable_api_termination": "false",
                            "ebs_block_device.#": "0",
                            "ebs_optimized": "false",
                            "ephemeral_block_device.#": "0",
                            "get_password_data": "false",
                            "iam_instance_profile": "",
                            "id": "i-056f960a7f4f8d897",
                            "instance_initiated_shutdown_behavior": "stop",
                            "instance_state": "running",
                            "instance_type": "m3.large",
                            "ipv6_addresses.#": "0",
                            "key_name": "jfranklin3cali",
                            "monitoring": "false",
                            "network_interface.#": "1",
                            "network_interface.625892839.delete_on_termination": "false",
                            "network_interface.625892839.device_index": "0",
                            "network_interface.625892839.network_interface_id": "eni-024b0f5ef46090dd7",
                            "password_data": "",
                            "placement_group": "",
                            "primary_network_interface_id": "eni-024b0f5ef46090dd7",
                            "private_dns": "ip-10-1-1-50.us-west-1.compute.internal",
                            "private_ip": "10.1.1.50",
                            "public_dns": "",
                            "public_ip": "13.56.198.181",
                            "root_block_device.#": "1",
                            "root_block_device.0.delete_on_termination": "true",
                            "root_block_device.0.iops": "100",
                            "root_block_device.0.volume_id": "vol-091e30950f198bec3",
                            "root_block_device.0.volume_size": "8",
                            "root_block_device.0.volume_type": "gp2",
                            "security_groups.#": "0",
                            "source_dest_check": "false",
                            "subnet_id": "subnet-0ae4b98ef2caa7071",
                            "tags.%": "1",
                            "tags.Name": "kali",
                            "tenancy": "dedicated",
                            "user_data": "a7cdfcb2a14092b10cd1c2bd91252f9616ca8998",
                            "volume_tags.%": "0",
                            "vpc_security_group_ids.#": "1",
                            "vpc_security_group_ids.3401391220": "sg-03f8fa6193dd18354"
                        },
                        "meta": {
                            "e2bfb730-ecaa-11e6-8f88-34363bc7c4c0": {
                                "create": 600000000000,
                                "delete": 1200000000000,
                                "update": 600000000000
                            },
                            "schema_version": "1"
                        },
                        "tainted": false
                    },
                    "deposed": [],
                    "provider": "provider.aws"
                },
                "aws_instance.web1": {
                    "type": "aws_instance",
                    "depends_on": [
                        "aws_network_interface.web1-int"
                    ],
                    "primary": {
                        "id": "i-0f0d264919f3c6902",
                        "attributes": {
                            "ami": "ami-03e0ff3de0548396b",
                            "arn": "arn:aws:ec2:us-west-1:315800796174:instance/i-0f0d264919f3c6902",
                            "associate_public_ip_address": "false",
                            "availability_zone": "us-west-1a",
                            "cpu_core_count": "2",
                            "cpu_threads_per_core": "1",
                            "credit_specification.#": "1",
                            "credit_specification.0.cpu_credits": "standard",
                            "disable_api_termination": "false",
                            "ebs_block_device.#": "0",
                            "ebs_optimized": "false",
                            "ephemeral_block_device.#": "0",
                            "get_password_data": "false",
                            "iam_instance_profile": "",
                            "id": "i-0f0d264919f3c6902",
                            "instance_initiated_shutdown_behavior": "stop",
                            "instance_state": "running",
                            "instance_type": "m3.large",
                            "ipv6_addresses.#": "0",
                            "key_name": "jfranklin3cali",
                            "monitoring": "false",
                            "network_interface.#": "1",
                            "network_interface.1055158974.delete_on_termination": "false",
                            "network_interface.1055158974.device_index": "0",
                            "network_interface.1055158974.network_interface_id": "eni-05368613ecc513be1",
                            "password_data": "",
                            "placement_group": "",
                            "primary_network_interface_id": "eni-05368613ecc513be1",
                            "private_dns": "ip-10-0-2-50.us-west-1.compute.internal",
                            "private_ip": "10.0.2.50",
                            "public_dns": "",
                            "public_ip": "",
                            "root_block_device.#": "1",
                            "root_block_device.0.delete_on_termination": "true",
                            "root_block_device.0.iops": "100",
                            "root_block_device.0.volume_id": "vol-0c5a74cc7f70e78f4",
                            "root_block_device.0.volume_size": "8",
                            "root_block_device.0.volume_type": "gp2",
                            "security_groups.#": "0",
                            "source_dest_check": "false",
                            "subnet_id": "subnet-0f0e1cc677fc9af0c",
                            "tags.%": "1",
                            "tags.Name": "WEB-AZ1",
                            "tenancy": "dedicated",
                            "user_data": "c39f559100ce2e089f0c6aa146f708c4754ee367",
                            "volume_tags.%": "0",
                            "vpc_security_group_ids.#": "1",
                            "vpc_security_group_ids.1738335189": "sg-0b349114dfaf9c9db"
                        },
                        "meta": {
                            "e2bfb730-ecaa-11e6-8f88-34363bc7c4c0": {
                                "create": 600000000000,
                                "delete": 1200000000000,
                                "update": 600000000000
                            },
                            "schema_version": "1"
                        },
                        "tainted": false
                    },
                    "deposed": [],
                    "provider": "provider.aws"
                },
                "aws_internet_gateway.gw": {
                    "type": "aws_internet_gateway",
                    "depends_on": [
                        "aws_vpc.main"
                    ],
                    "primary": {
                        "id": "igw-0cc041cfa0419f0cc",
                        "attributes": {
                            "id": "igw-0cc041cfa0419f0cc",
                            "owner_id": "315800796174",
                            "tags.%": "1",
                            "tags.Name": "internet gw terraform generated",
                            "vpc_id": "vpc-0b13f3905620a591a"
                        },
                        "meta": {},
                        "tainted": false
                    },
                    "deposed": [],
                    "provider": "provider.aws"
                },
                "aws_internet_gateway.kaligw": {
                    "type": "aws_internet_gateway",
                    "depends_on": [
                        "aws_vpc.kali"
                    ],
                    "primary": {
                        "id": "igw-06097cbc91753dd4b",
                        "attributes": {
                            "id": "igw-06097cbc91753dd4b",
                            "owner_id": "315800796174",
                            "tags.%": "1",
                            "tags.Name": "internet gw kali vpc",
                            "vpc_id": "vpc-003644a0e0a3d4515"
                        },
                        "meta": {},
                        "tainted": false
                    },
                    "deposed": [],
                    "provider": "provider.aws"
                },
                "aws_lb.ext-alb": {
                    "type": "aws_lb",
                    "depends_on": [
                        "aws_security_group.sgWideOpen",
                        "aws_subnet.AZ1-UNTRUST",
                        "aws_subnet.AZ2-UNTRUST"
                    ],
                    "primary": {
                        "id": "arn:aws:elasticloadbalancing:us-west-1:315800796174:loadbalancer/app/ext-alb/b2f102baf5767887",
                        "attributes": {
                            "access_logs.#": "0",
                            "arn": "arn:aws:elasticloadbalancing:us-west-1:315800796174:loadbalancer/app/ext-alb/b2f102baf5767887",
                            "arn_suffix": "app/ext-alb/b2f102baf5767887",
                            "dns_name": "ext-alb-18081443.us-west-1.elb.amazonaws.com",
                            "enable_deletion_protection": "false",
                            "enable_http2": "true",
                            "id": "arn:aws:elasticloadbalancing:us-west-1:315800796174:loadbalancer/app/ext-alb/b2f102baf5767887",
                            "idle_timeout": "60",
                            "internal": "false",
                            "ip_address_type": "ipv4",
                            "load_balancer_type": "application",
                            "name": "ext-alb",
                            "security_groups.#": "1",
                            "security_groups.1033960063": "sg-0249862690a26b219",
                            "subnet_mapping.#": "0",
                            "subnets.#": "2",
                            "subnets.2411175361": "subnet-0367f4afa1d8db965",
                            "subnets.615374815": "subnet-0c002e961bd9444ed",
                            "tags.%": "0",
                            "vpc_id": "vpc-0b13f3905620a591a",
                            "zone_id": "Z368ELLRRE2KJ0"
                        },
                        "meta": {
                            "e2bfb730-ecaa-11e6-8f88-34363bc7c4c0": {
                                "create": 600000000000,
                                "delete": 600000000000,
                                "update": 600000000000
                            }
                        },
                        "tainted": false
                    },
                    "deposed": [],
                    "provider": "provider.aws"
                },
                "aws_lb.int-nlb": {
                    "type": "aws_lb",
                    "depends_on": [
                        "aws_subnet.AZ1-TRUST",
                        "aws_subnet.AZ2-TRUST"
                    ],
                    "primary": {
                        "id": "arn:aws:elasticloadbalancing:us-west-1:315800796174:loadbalancer/net/INT-NLB/5a40400cf084019a",
                        "attributes": {
                            "access_logs.#": "0",
                            "arn": "arn:aws:elasticloadbalancing:us-west-1:315800796174:loadbalancer/net/INT-NLB/5a40400cf084019a",
                            "arn_suffix": "net/INT-NLB/5a40400cf084019a",
                            "dns_name": "INT-NLB-5a40400cf084019a.elb.us-west-1.amazonaws.com",
                            "enable_cross_zone_load_balancing": "false",
                            "enable_deletion_protection": "false",
                            "id": "arn:aws:elasticloadbalancing:us-west-1:315800796174:loadbalancer/net/INT-NLB/5a40400cf084019a",
                            "internal": "true",
                            "ip_address_type": "ipv4",
                            "load_balancer_type": "network",
                            "name": "INT-NLB",
                            "security_groups.#": "0",
                            "subnet_mapping.#": "0",
                            "subnets.#": "2",
                            "subnets.1232905323": "subnet-05428384083c84c2a",
                            "subnets.1396680810": "subnet-0f0e1cc677fc9af0c",
                            "tags.%": "0",
                            "vpc_id": "vpc-0b13f3905620a591a",
                            "zone_id": "Z24FKFUX50B4VW"
                        },
                        "meta": {
                            "e2bfb730-ecaa-11e6-8f88-34363bc7c4c0": {
                                "create": 600000000000,
                                "delete": 600000000000,
                                "update": 600000000000
                            }
                        },
                        "tainted": false
                    },
                    "deposed": [],
                    "provider": "provider.aws"
                },
                "aws_lb_listener.ext-alb": {
                    "type": "aws_lb_listener",
                    "depends_on": [
                        "aws_lb.ext-alb",
                        "aws_lb_target_group.fw-tg"
                    ],
                    "primary": {
                        "id": "arn:aws:elasticloadbalancing:us-west-1:315800796174:listener/app/ext-alb/b2f102baf5767887/51b90fc33a597d07",
                        "attributes": {
                            "arn": "arn:aws:elasticloadbalancing:us-west-1:315800796174:listener/app/ext-alb/b2f102baf5767887/51b90fc33a597d07",
                            "default_action.#": "1",
                            "default_action.0.authenticate_cognito.#": "0",
                            "default_action.0.authenticate_oidc.#": "0",
                            "default_action.0.fixed_response.#": "0",
                            "default_action.0.order": "1",
                            "default_action.0.redirect.#": "0",
                            "default_action.0.target_group_arn": "arn:aws:elasticloadbalancing:us-west-1:315800796174:targetgroup/fw-tg/aacc3cf2b6140623",
                            "default_action.0.type": "forward",
                            "id": "arn:aws:elasticloadbalancing:us-west-1:315800796174:listener/app/ext-alb/b2f102baf5767887/51b90fc33a597d07",
                            "load_balancer_arn": "arn:aws:elasticloadbalancing:us-west-1:315800796174:loadbalancer/app/ext-alb/b2f102baf5767887",
                            "port": "80",
                            "protocol": "HTTP",
                            "ssl_policy": ""
                        },
                        "meta": {
                            "e2bfb730-ecaa-11e6-8f88-34363bc7c4c0": {
                                "read": 600000000000
                            }
                        },
                        "tainted": false
                    },
                    "deposed": [],
                    "provider": "provider.aws"
                },
                "aws_lb_listener.int-nlb": {
                    "type": "aws_lb_listener",
                    "depends_on": [
                        "aws_lb.int-nlb",
                        "aws_lb_target_group.web-tg"
                    ],
                    "primary": {
                        "id": "arn:aws:elasticloadbalancing:us-west-1:315800796174:listener/net/INT-NLB/5a40400cf084019a/f676ecd4270026d8",
                        "attributes": {
                            "arn": "arn:aws:elasticloadbalancing:us-west-1:315800796174:listener/net/INT-NLB/5a40400cf084019a/f676ecd4270026d8",
                            "default_action.#": "1",
                            "default_action.0.authenticate_cognito.#": "0",
                            "default_action.0.authenticate_oidc.#": "0",
                            "default_action.0.fixed_response.#": "0",
                            "default_action.0.order": "1",
                            "default_action.0.redirect.#": "0",
                            "default_action.0.target_group_arn": "arn:aws:elasticloadbalancing:us-west-1:315800796174:targetgroup/web-tg/c22e7cfbd3afc85f",
                            "default_action.0.type": "forward",
                            "id": "arn:aws:elasticloadbalancing:us-west-1:315800796174:listener/net/INT-NLB/5a40400cf084019a/f676ecd4270026d8",
                            "load_balancer_arn": "arn:aws:elasticloadbalancing:us-west-1:315800796174:loadbalancer/net/INT-NLB/5a40400cf084019a",
                            "port": "8080",
                            "protocol": "TCP",
                            "ssl_policy": ""
                        },
                        "meta": {
                            "e2bfb730-ecaa-11e6-8f88-34363bc7c4c0": {
                                "read": 600000000000
                            }
                        },
                        "tainted": false
                    },
                    "deposed": [],
                    "provider": "provider.aws"
                },
                "aws_lb_listener_rule.static": {
                    "type": "aws_lb_listener_rule",
                    "depends_on": [
                        "aws_lb_listener.ext-alb",
                        "aws_lb_target_group.fw-tg"
                    ],
                    "primary": {
                        "id": "arn:aws:elasticloadbalancing:us-west-1:315800796174:listener-rule/app/ext-alb/b2f102baf5767887/51b90fc33a597d07/55876ae73451ee5a",
                        "attributes": {
                            "action.#": "1",
                            "action.0.authenticate_cognito.#": "0",
                            "action.0.authenticate_oidc.#": "0",
                            "action.0.fixed_response.#": "0",
                            "action.0.order": "1",
                            "action.0.redirect.#": "0",
                            "action.0.target_group_arn": "arn:aws:elasticloadbalancing:us-west-1:315800796174:targetgroup/fw-tg/aacc3cf2b6140623",
                            "action.0.type": "forward",
                            "arn": "arn:aws:elasticloadbalancing:us-west-1:315800796174:listener-rule/app/ext-alb/b2f102baf5767887/51b90fc33a597d07/55876ae73451ee5a",
                            "condition.#": "1",
                            "condition.2611135190.field": "path-pattern",
                            "condition.2611135190.values.#": "1",
                            "condition.2611135190.values.0": "/*",
                            "id": "arn:aws:elasticloadbalancing:us-west-1:315800796174:listener-rule/app/ext-alb/b2f102baf5767887/51b90fc33a597d07/55876ae73451ee5a",
                            "listener_arn": "arn:aws:elasticloadbalancing:us-west-1:315800796174:listener/app/ext-alb/b2f102baf5767887/51b90fc33a597d07",
                            "priority": "100"
                        },
                        "meta": {},
                        "tainted": false
                    },
                    "deposed": [],
                    "provider": "provider.aws"
                },
                "aws_lb_target_group.fw-tg": {
                    "type": "aws_lb_target_group",
                    "depends_on": [
                        "aws_vpc.main"
                    ],
                    "primary": {
                        "id": "arn:aws:elasticloadbalancing:us-west-1:315800796174:targetgroup/fw-tg/aacc3cf2b6140623",
                        "attributes": {
                            "arn": "arn:aws:elasticloadbalancing:us-west-1:315800796174:targetgroup/fw-tg/aacc3cf2b6140623",
                            "arn_suffix": "targetgroup/fw-tg/aacc3cf2b6140623",
                            "deregistration_delay": "300",
                            "health_check.#": "1",
                            "health_check.0.healthy_threshold": "2",
                            "health_check.0.interval": "30",
                            "health_check.0.matcher": "200",
                            "health_check.0.path": "/login",
                            "health_check.0.port": "80",
                            "health_check.0.protocol": "HTTP",
                            "health_check.0.timeout": "3",
                            "health_check.0.unhealthy_threshold": "2",
                            "id": "arn:aws:elasticloadbalancing:us-west-1:315800796174:targetgroup/fw-tg/aacc3cf2b6140623",
                            "name": "fw-tg",
                            "port": "80",
                            "protocol": "HTTP",
                            "proxy_protocol_v2": "false",
                            "slow_start": "0",
                            "stickiness.#": "1",
                            "stickiness.0.cookie_duration": "86400",
                            "stickiness.0.enabled": "false",
                            "stickiness.0.type": "lb_cookie",
                            "tags.%": "0",
                            "target_type": "ip",
                            "vpc_id": "vpc-0b13f3905620a591a"
                        },
                        "meta": {},
                        "tainted": false
                    },
                    "deposed": [],
                    "provider": "provider.aws"
                },
                "aws_lb_target_group.web-tg": {
                    "type": "aws_lb_target_group",
                    "depends_on": [
                        "aws_vpc.main"
                    ],
                    "primary": {
                        "id": "arn:aws:elasticloadbalancing:us-west-1:315800796174:targetgroup/web-tg/c22e7cfbd3afc85f",
                        "attributes": {
                            "arn": "arn:aws:elasticloadbalancing:us-west-1:315800796174:targetgroup/web-tg/c22e7cfbd3afc85f",
                            "arn_suffix": "targetgroup/web-tg/c22e7cfbd3afc85f",
                            "deregistration_delay": "300",
                            "health_check.#": "1",
                            "health_check.0.healthy_threshold": "3",
                            "health_check.0.interval": "30",
                            "health_check.0.matcher": "",
                            "health_check.0.path": "",
                            "health_check.0.port": "traffic-port",
                            "health_check.0.protocol": "TCP",
                            "health_check.0.timeout": "10",
                            "health_check.0.unhealthy_threshold": "3",
                            "id": "arn:aws:elasticloadbalancing:us-west-1:315800796174:targetgroup/web-tg/c22e7cfbd3afc85f",
                            "name": "web-tg",
                            "port": "8080",
                            "protocol": "TCP",
                            "proxy_protocol_v2": "false",
                            "slow_start": "0",
                            "stickiness.#": "0",
                            "tags.%": "0",
                            "target_type": "ip",
                            "vpc_id": "vpc-0b13f3905620a591a"
                        },
                        "meta": {},
                        "tainted": false
                    },
                    "deposed": [],
                    "provider": "provider.aws"
                },
                "aws_lb_target_group_attachment.fw1": {
                    "type": "aws_lb_target_group_attachment",
                    "depends_on": [
                        "aws_lb_target_group.fw-tg",
                        "aws_network_interface.FW1-UNTRUST"
                    ],
                    "primary": {
                        "id": "arn:aws:elasticloadbalancing:us-west-1:315800796174:targetgroup/fw-tg/aacc3cf2b6140623-20190305160039533500000001",
                        "attributes": {
                            "id": "arn:aws:elasticloadbalancing:us-west-1:315800796174:targetgroup/fw-tg/aacc3cf2b6140623-20190305160039533500000001",
                            "port": "80",
                            "target_group_arn": "arn:aws:elasticloadbalancing:us-west-1:315800796174:targetgroup/fw-tg/aacc3cf2b6140623",
                            "target_id": "10.0.1.10"
                        },
                        "meta": {},
                        "tainted": false
                    },
                    "deposed": [],
                    "provider": "provider.aws"
                },
                "aws_lb_target_group_attachment.web1": {
                    "type": "aws_lb_target_group_attachment",
                    "depends_on": [
                        "aws_lb_target_group.web-tg",
                        "aws_network_interface.web1-int"
                    ],
                    "primary": {
                        "id": "arn:aws:elasticloadbalancing:us-west-1:315800796174:targetgroup/web-tg/c22e7cfbd3afc85f-20190305160039545100000002",
                        "attributes": {
                            "id": "arn:aws:elasticloadbalancing:us-west-1:315800796174:targetgroup/web-tg/c22e7cfbd3afc85f-20190305160039545100000002",
                            "port": "8080",
                            "target_group_arn": "arn:aws:elasticloadbalancing:us-west-1:315800796174:targetgroup/web-tg/c22e7cfbd3afc85f",
                            "target_id": "10.0.2.50"
                        },
                        "meta": {},
                        "tainted": false
                    },
                    "deposed": [],
                    "provider": "provider.aws"
                },
                "aws_network_acl.all": {
                    "type": "aws_network_acl",
                    "depends_on": [
                        "aws_vpc.main"
                    ],
                    "primary": {
                        "id": "acl-0dda540e4c665d7d7",
                        "attributes": {
                            "egress.#": "1",
                            "egress.2943206146.action": "allow",
                            "egress.2943206146.cidr_block": "0.0.0.0/0",
                            "egress.2943206146.from_port": "0",
                            "egress.2943206146.icmp_code": "0",
                            "egress.2943206146.icmp_type": "0",
                            "egress.2943206146.ipv6_cidr_block": "",
                            "egress.2943206146.protocol": "-1",
                            "egress.2943206146.rule_no": "2",
                            "egress.2943206146.to_port": "0",
                            "id": "acl-0dda540e4c665d7d7",
                            "ingress.#": "1",
                            "ingress.1564094202.action": "allow",
                            "ingress.1564094202.cidr_block": "0.0.0.0/0",
                            "ingress.1564094202.from_port": "0",
                            "ingress.1564094202.icmp_code": "0",
                            "ingress.1564094202.icmp_type": "0",
                            "ingress.1564094202.ipv6_cidr_block": "",
                            "ingress.1564094202.protocol": "-1",
                            "ingress.1564094202.rule_no": "1",
                            "ingress.1564094202.to_port": "0",
                            "owner_id": "315800796174",
                            "subnet_ids.#": "0",
                            "tags.%": "1",
                            "tags.Name": "open acl",
                            "vpc_id": "vpc-0b13f3905620a591a"
                        },
                        "meta": {},
                        "tainted": false
                    },
                    "deposed": [],
                    "provider": "provider.aws"
                },
                "aws_network_acl.all-kali": {
                    "type": "aws_network_acl",
                    "depends_on": [
                        "aws_vpc.kali"
                    ],
                    "primary": {
                        "id": "acl-036269945c830f2c5",
                        "attributes": {
                            "egress.#": "1",
                            "egress.2943206146.action": "allow",
                            "egress.2943206146.cidr_block": "0.0.0.0/0",
                            "egress.2943206146.from_port": "0",
                            "egress.2943206146.icmp_code": "0",
                            "egress.2943206146.icmp_type": "0",
                            "egress.2943206146.ipv6_cidr_block": "",
                            "egress.2943206146.protocol": "-1",
                            "egress.2943206146.rule_no": "2",
                            "egress.2943206146.to_port": "0",
                            "id": "acl-036269945c830f2c5",
                            "ingress.#": "1",
                            "ingress.1564094202.action": "allow",
                            "ingress.1564094202.cidr_block": "0.0.0.0/0",
                            "ingress.1564094202.from_port": "0",
                            "ingress.1564094202.icmp_code": "0",
                            "ingress.1564094202.icmp_type": "0",
                            "ingress.1564094202.ipv6_cidr_block": "",
                            "ingress.1564094202.protocol": "-1",
                            "ingress.1564094202.rule_no": "1",
                            "ingress.1564094202.to_port": "0",
                            "owner_id": "315800796174",
                            "subnet_ids.#": "0",
                            "tags.%": "1",
                            "tags.Name": "kali open acl",
                            "vpc_id": "vpc-003644a0e0a3d4515"
                        },
                        "meta": {},
                        "tainted": false
                    },
                    "deposed": [],
                    "provider": "provider.aws"
                },
                "aws_network_interface.FW1-MGT": {
                    "type": "aws_network_interface",
                    "depends_on": [
                        "aws_security_group.sgWideOpen",
                        "aws_subnet.AZ1-MGT"
                    ],
                    "primary": {
                        "id": "eni-0d4c7be1d5e15e460",
                        "attributes": {
                            "attachment.#": "1",
                            "attachment.3291210094.attachment_id": "eni-attach-0e22ba3773bc6cd6d",
                            "attachment.3291210094.device_index": "0",
                            "attachment.3291210094.instance": "i-0efbed9d10d282a48",
                            "description": "",
                            "id": "eni-0d4c7be1d5e15e460",
                            "private_dns_name": "",
                            "private_ip": "10.0.0.10",
                            "private_ips.#": "1",
                            "private_ips.2650530590": "10.0.0.10",
                            "security_groups.#": "1",
                            "security_groups.1033960063": "sg-0249862690a26b219",
                            "source_dest_check": "false",
                            "subnet_id": "subnet-03dc11695688db841",
                            "tags.%": "0"
                        },
                        "meta": {},
                        "tainted": false
                    },
                    "deposed": [],
                    "provider": "provider.aws"
                },
                "aws_network_interface.FW1-TRUST": {
                    "type": "aws_network_interface",
                    "depends_on": [
                        "aws_security_group.sgWideOpen",
                        "aws_subnet.AZ1-TRUST"
                    ],
                    "primary": {
                        "id": "eni-0b937c8c6c61d4661",
                        "attributes": {
                            "attachment.#": "1",
                            "attachment.4129129452.attachment_id": "eni-attach-0aa38d97074e58c3c",
                            "attachment.4129129452.device_index": "2",
                            "attachment.4129129452.instance": "i-0efbed9d10d282a48",
                            "description": "",
                            "id": "eni-0b937c8c6c61d4661",
                            "private_dns_name": "",
                            "private_ip": "10.0.2.10",
                            "private_ips.#": "1",
                            "private_ips.938617749": "10.0.2.10",
                            "security_groups.#": "1",
                            "security_groups.1033960063": "sg-0249862690a26b219",
                            "source_dest_check": "false",
                            "subnet_id": "subnet-0f0e1cc677fc9af0c",
                            "tags.%": "0"
                        },
                        "meta": {},
                        "tainted": false
                    },
                    "deposed": [],
                    "provider": "provider.aws"
                },
                "aws_network_interface.FW1-UNTRUST": {
                    "type": "aws_network_interface",
                    "depends_on": [
                        "aws_security_group.sgWideOpen",
                        "aws_subnet.AZ1-UNTRUST"
                    ],
                    "primary": {
                        "id": "eni-042133e9997b70268",
                        "attributes": {
                            "attachment.#": "1",
                            "attachment.3710963759.attachment_id": "eni-attach-0e81f058b1b6f2537",
                            "attachment.3710963759.device_index": "1",
                            "attachment.3710963759.instance": "i-0efbed9d10d282a48",
                            "description": "",
                            "id": "eni-042133e9997b70268",
                            "private_dns_name": "",
                            "private_ip": "10.0.1.10",
                            "private_ips.#": "1",
                            "private_ips.625443963": "10.0.1.10",
                            "security_groups.#": "1",
                            "security_groups.1033960063": "sg-0249862690a26b219",
                            "source_dest_check": "false",
                            "subnet_id": "subnet-0367f4afa1d8db965",
                            "tags.%": "0"
                        },
                        "meta": {},
                        "tainted": false
                    },
                    "deposed": [],
                    "provider": "provider.aws"
                },
                "aws_network_interface.kali-int": {
                    "type": "aws_network_interface",
                    "depends_on": [
                        "aws_security_group.kaliWideOpen",
                        "aws_subnet.AZ1-attack1"
                    ],
                    "primary": {
                        "id": "eni-024b0f5ef46090dd7",
                        "attributes": {
                            "attachment.#": "1",
                            "attachment.2779859527.attachment_id": "eni-attach-08008010cfb73bb5a",
                            "attachment.2779859527.device_index": "0",
                            "attachment.2779859527.instance": "i-056f960a7f4f8d897",
                            "description": "",
                            "id": "eni-024b0f5ef46090dd7",
                            "private_dns_name": "",
                            "private_ip": "10.1.1.50",
                            "private_ips.#": "1",
                            "private_ips.2323092186": "10.1.1.50",
                            "security_groups.#": "1",
                            "security_groups.3401391220": "sg-03f8fa6193dd18354",
                            "source_dest_check": "false",
                            "subnet_id": "subnet-0ae4b98ef2caa7071",
                            "tags.%": "0"
                        },
                        "meta": {},
                        "tainted": false
                    },
                    "deposed": [],
                    "provider": "provider.aws"
                },
                "aws_network_interface.web1-int": {
                    "type": "aws_network_interface",
                    "depends_on": [
                        "aws_security_group.webserver",
                        "aws_subnet.AZ1-TRUST"
                    ],
                    "primary": {
                        "id": "eni-05368613ecc513be1",
                        "attributes": {
                            "attachment.#": "1",
                            "attachment.1591279506.attachment_id": "eni-attach-02be5fcd74debda03",
                            "attachment.1591279506.device_index": "0",
                            "attachment.1591279506.instance": "i-0f0d264919f3c6902",
                            "description": "",
                            "id": "eni-05368613ecc513be1",
                            "private_dns_name": "",
                            "private_ip": "10.0.2.50",
                            "private_ips.#": "1",
                            "private_ips.1402924689": "10.0.2.50",
                            "security_groups.#": "1",
                            "security_groups.1738335189": "sg-0b349114dfaf9c9db",
                            "source_dest_check": "false",
                            "subnet_id": "subnet-0f0e1cc677fc9af0c",
                            "tags.%": "0"
                        },
                        "meta": {},
                        "tainted": false
                    },
                    "deposed": [],
                    "provider": "provider.aws"
                },
                "aws_route_table.private": {
                    "type": "aws_route_table",
                    "depends_on": [
                        "aws_network_interface.FW1-TRUST",
                        "aws_vpc.main"
                    ],
                    "primary": {
                        "id": "rtb-08425f59ef79f6f2f",
                        "attributes": {
                            "id": "rtb-08425f59ef79f6f2f",
                            "owner_id": "315800796174",
                            "propagating_vgws.#": "0",
                            "route.#": "1",
                            "route.524150035.cidr_block": "0.0.0.0/0",
                            "route.524150035.egress_only_gateway_id": "",
                            "route.524150035.gateway_id": "",
                            "route.524150035.instance_id": "i-0efbed9d10d282a48",
                            "route.524150035.ipv6_cidr_block": "",
                            "route.524150035.nat_gateway_id": "",
                            "route.524150035.network_interface_id": "eni-0b937c8c6c61d4661",
                            "route.524150035.transit_gateway_id": "",
                            "route.524150035.vpc_peering_connection_id": "",
                            "tags.%": "1",
                            "tags.Name": "Private",
                            "vpc_id": "vpc-0b13f3905620a591a"
                        },
                        "meta": {},
                        "tainted": false
                    },
                    "deposed": [],
                    "provider": "provider.aws"
                },
                "aws_route_table.privatekali": {
                    "type": "aws_route_table",
                    "depends_on": [
                        "aws_vpc.kali"
                    ],
                    "primary": {
                        "id": "rtb-032e070aea9942b1b",
                        "attributes": {
                            "id": "rtb-032e070aea9942b1b",
                            "owner_id": "315800796174",
                            "propagating_vgws.#": "0",
                            "route.#": "0",
                            "tags.%": "0",
                            "vpc_id": "vpc-003644a0e0a3d4515"
                        },
                        "meta": {},
                        "tainted": false
                    },
                    "deposed": [],
                    "provider": "provider.aws"
                },
                "aws_route_table.public": {
                    "type": "aws_route_table",
                    "depends_on": [
                        "aws_internet_gateway.gw",
                        "aws_vpc.main"
                    ],
                    "primary": {
                        "id": "rtb-0f91bc52fd79619b6",
                        "attributes": {
                            "id": "rtb-0f91bc52fd79619b6",
                            "owner_id": "315800796174",
                            "propagating_vgws.#": "0",
                            "route.#": "1",
                            "route.627594831.cidr_block": "0.0.0.0/0",
                            "route.627594831.egress_only_gateway_id": "",
                            "route.627594831.gateway_id": "igw-0cc041cfa0419f0cc",
                            "route.627594831.instance_id": "",
                            "route.627594831.ipv6_cidr_block": "",
                            "route.627594831.nat_gateway_id": "",
                            "route.627594831.network_interface_id": "",
                            "route.627594831.transit_gateway_id": "",
                            "route.627594831.vpc_peering_connection_id": "",
                            "tags.%": "1",
                            "tags.Name": "Public",
                            "vpc_id": "vpc-0b13f3905620a591a"
                        },
                        "meta": {},
                        "tainted": false
                    },
                    "deposed": [],
                    "provider": "provider.aws"
                },
                "aws_route_table.publickali": {
                    "type": "aws_route_table",
                    "depends_on": [
                        "aws_internet_gateway.kaligw",
                        "aws_vpc.kali"
                    ],
                    "primary": {
                        "id": "rtb-02124577dbfa96bea",
                        "attributes": {
                            "id": "rtb-02124577dbfa96bea",
                            "owner_id": "315800796174",
                            "propagating_vgws.#": "0",
                            "route.#": "1",
                            "route.2733216275.cidr_block": "0.0.0.0/0",
                            "route.2733216275.egress_only_gateway_id": "",
                            "route.2733216275.gateway_id": "igw-06097cbc91753dd4b",
                            "route.2733216275.instance_id": "",
                            "route.2733216275.ipv6_cidr_block": "",
                            "route.2733216275.nat_gateway_id": "",
                            "route.2733216275.network_interface_id": "",
                            "route.2733216275.transit_gateway_id": "",
                            "route.2733216275.vpc_peering_connection_id": "",
                            "tags.%": "1",
                            "tags.Name": "PublicKali",
                            "vpc_id": "vpc-003644a0e0a3d4515"
                        },
                        "meta": {},
                        "tainted": false
                    },
                    "deposed": [],
                    "provider": "provider.aws"
                },
                "aws_route_table_association.kalisubnetroute1": {
                    "type": "aws_route_table_association",
                    "depends_on": [
                        "aws_route_table.publickali",
                        "aws_subnet.AZ1-attack1"
                    ],
                    "primary": {
                        "id": "rtbassoc-0c7310cf4cc378946",
                        "attributes": {
                            "id": "rtbassoc-0c7310cf4cc378946",
                            "route_table_id": "rtb-02124577dbfa96bea",
                            "subnet_id": "subnet-0ae4b98ef2caa7071"
                        },
                        "meta": {},
                        "tainted": false
                    },
                    "deposed": [],
                    "provider": "provider.aws"
                },
                "aws_route_table_association.subnetroute1": {
                    "type": "aws_route_table_association",
                    "depends_on": [
                        "aws_route_table.public",
                        "aws_subnet.AZ1-UNTRUST"
                    ],
                    "primary": {
                        "id": "rtbassoc-0aa817c4668c9f5e4",
                        "attributes": {
                            "id": "rtbassoc-0aa817c4668c9f5e4",
                            "route_table_id": "rtb-0f91bc52fd79619b6",
                            "subnet_id": "subnet-0367f4afa1d8db965"
                        },
                        "meta": {},
                        "tainted": false
                    },
                    "deposed": [],
                    "provider": "provider.aws"
                },
                "aws_route_table_association.subnetroute2": {
                    "type": "aws_route_table_association",
                    "depends_on": [
                        "aws_route_table.public",
                        "aws_subnet.AZ1-MGT"
                    ],
                    "primary": {
                        "id": "rtbassoc-0d277557b581eed53",
                        "attributes": {
                            "id": "rtbassoc-0d277557b581eed53",
                            "route_table_id": "rtb-0f91bc52fd79619b6",
                            "subnet_id": "subnet-03dc11695688db841"
                        },
                        "meta": {},
                        "tainted": false
                    },
                    "deposed": [],
                    "provider": "provider.aws"
                },
                "aws_route_table_association.subnetroute3": {
                    "type": "aws_route_table_association",
                    "depends_on": [
                        "aws_route_table.public",
                        "aws_subnet.AZ2-UNTRUST"
                    ],
                    "primary": {
                        "id": "rtbassoc-0cf77e6cddc2494ec",
                        "attributes": {
                            "id": "rtbassoc-0cf77e6cddc2494ec",
                            "route_table_id": "rtb-0f91bc52fd79619b6",
                            "subnet_id": "subnet-0c002e961bd9444ed"
                        },
                        "meta": {},
                        "tainted": false
                    },
                    "deposed": [],
                    "provider": "provider.aws"
                },
                "aws_route_table_association.subnetroute4": {
                    "type": "aws_route_table_association",
                    "depends_on": [
                        "aws_route_table.public",
                        "aws_subnet.AZ2-MGT"
                    ],
                    "primary": {
                        "id": "rtbassoc-09487a18cfdfcad19",
                        "attributes": {
                            "id": "rtbassoc-09487a18cfdfcad19",
                            "route_table_id": "rtb-0f91bc52fd79619b6",
                            "subnet_id": "subnet-0ee07b15badc3e4f4"
                        },
                        "meta": {},
                        "tainted": false
                    },
                    "deposed": [],
                    "provider": "provider.aws"
                },
                "aws_route_table_association.subnetroute5": {
                    "type": "aws_route_table_association",
                    "depends_on": [
                        "aws_route_table.public",
                        "aws_subnet.AZ1-TRUST"
                    ],
                    "primary": {
                        "id": "rtbassoc-0337da96d52c71e10",
                        "attributes": {
                            "id": "rtbassoc-0337da96d52c71e10",
                            "route_table_id": "rtb-0f91bc52fd79619b6",
                            "subnet_id": "subnet-0f0e1cc677fc9af0c"
                        },
                        "meta": {},
                        "tainted": false
                    },
                    "deposed": [],
                    "provider": "provider.aws"
                },
                "aws_route_table_association.subnetroute6": {
                    "type": "aws_route_table_association",
                    "depends_on": [
                        "aws_route_table.public",
                        "aws_subnet.AZ2-TRUST"
                    ],
                    "primary": {
                        "id": "rtbassoc-07c31a1ed6edb301e",
                        "attributes": {
                            "id": "rtbassoc-07c31a1ed6edb301e",
                            "route_table_id": "rtb-0f91bc52fd79619b6",
                            "subnet_id": "subnet-05428384083c84c2a"
                        },
                        "meta": {},
                        "tainted": false
                    },
                    "deposed": [],
                    "provider": "provider.aws"
                },
                "aws_s3_bucket.bootstrap_bucket": {
                    "type": "aws_s3_bucket",
                    "depends_on": [],
                    "primary": {
                        "id": "jff2-auto-bucket",
                        "attributes": {
                            "acceleration_status": "",
                            "acl": "private",
                            "arn": "arn:aws:s3:::jff2-auto-bucket",
                            "bucket": "jff2-auto-bucket",
                            "bucket_domain_name": "jff2-auto-bucket.s3.amazonaws.com",
                            "bucket_regional_domain_name": "jff2-auto-bucket.s3.us-west-1.amazonaws.com",
                            "cors_rule.#": "0",
                            "force_destroy": "true",
                            "hosted_zone_id": "Z2F56UZL2M1ACD",
                            "id": "jff2-auto-bucket",
                            "lifecycle_rule.#": "0",
                            "logging.#": "0",
                            "object_lock_configuration.#": "0",
                            "region": "us-west-1",
                            "replication_configuration.#": "0",
                            "request_payer": "BucketOwner",
                            "server_side_encryption_configuration.#": "0",
                            "tags.%": "1",
                            "tags.Name": "bootstrap_bucket",
                            "versioning.#": "1",
                            "versioning.0.enabled": "false",
                            "versioning.0.mfa_delete": "false",
                            "website.#": "0"
                        },
                        "meta": {},
                        "tainted": false
                    },
                    "deposed": [],
                    "provider": "provider.aws"
                },
                "aws_s3_bucket_object.bootstrap_xml": {
                    "type": "aws_s3_bucket_object",
                    "depends_on": [
                        "aws_s3_bucket.bootstrap_bucket"
                    ],
                    "primary": {
                        "id": "config/bootstrap.xml",
                        "attributes": {
                            "acl": "private",
                            "bucket": "jff2-auto-bucket",
                            "cache_control": "",
                            "content_disposition": "",
                            "content_encoding": "",
                            "content_language": "",
                            "content_type": "binary/octet-stream",
                            "etag": "f4504f0203da52d5ee085bbcbd8d3a52",
                            "id": "config/bootstrap.xml",
                            "key": "config/bootstrap.xml",
                            "server_side_encryption": "",
                            "source": "bootstrap/bootstrap.xml",
                            "storage_class": "STANDARD",
                            "tags.%": "0",
                            "version_id": "",
                            "website_redirect": ""
                        },
                        "meta": {},
                        "tainted": false
                    },
                    "deposed": [],
                    "provider": "provider.aws"
                },
                "aws_s3_bucket_object.content": {
                    "type": "aws_s3_bucket_object",
                    "depends_on": [
                        "aws_s3_bucket.bootstrap_bucket"
                    ],
                    "primary": {
                        "id": "content/",
                        "attributes": {
                            "acl": "private",
                            "bucket": "jff2-auto-bucket",
                            "cache_control": "",
                            "content_disposition": "",
                            "content_encoding": "",
                            "content_language": "",
                            "content_type": "binary/octet-stream",
                            "etag": "d41d8cd98f00b204e9800998ecf8427e",
                            "id": "content/",
                            "key": "content/",
                            "server_side_encryption": "",
                            "source": "/dev/null",
                            "storage_class": "STANDARD",
                            "tags.%": "0",
                            "version_id": "",
                            "website_redirect": ""
                        },
                        "meta": {},
                        "tainted": false
                    },
                    "deposed": [],
                    "provider": "provider.aws"
                },
                "aws_s3_bucket_object.init-cft_txt": {
                    "type": "aws_s3_bucket_object",
                    "depends_on": [
                        "aws_s3_bucket.bootstrap_bucket"
                    ],
                    "primary": {
                        "id": "config/init-cfg.txt",
                        "attributes": {
                            "acl": "private",
                            "bucket": "jff2-auto-bucket",
                            "cache_control": "",
                            "content_disposition": "",
                            "content_encoding": "",
                            "content_language": "",
                            "content_type": "binary/octet-stream",
                            "etag": "6a84a661eca38408bde2e8f922aec617",
                            "id": "config/init-cfg.txt",
                            "key": "config/init-cfg.txt",
                            "server_side_encryption": "",
                            "source": "bootstrap/init-cfg.txt",
                            "storage_class": "STANDARD",
                            "tags.%": "0",
                            "version_id": "",
                            "website_redirect": ""
                        },
                        "meta": {},
                        "tainted": false
                    },
                    "deposed": [],
                    "provider": "provider.aws"
                },
                "aws_s3_bucket_object.license": {
                    "type": "aws_s3_bucket_object",
                    "depends_on": [
                        "aws_s3_bucket.bootstrap_bucket"
                    ],
                    "primary": {
                        "id": "license/",
                        "attributes": {
                            "acl": "private",
                            "bucket": "jff2-auto-bucket",
                            "cache_control": "",
                            "content_disposition": "",
                            "content_encoding": "",
                            "content_language": "",
                            "content_type": "binary/octet-stream",
                            "etag": "d41d8cd98f00b204e9800998ecf8427e",
                            "id": "license/",
                            "key": "license/",
                            "server_side_encryption": "",
                            "source": "/dev/null",
                            "storage_class": "STANDARD",
                            "tags.%": "0",
                            "version_id": "",
                            "website_redirect": ""
                        },
                        "meta": {},
                        "tainted": false
                    },
                    "deposed": [],
                    "provider": "provider.aws"
                },
                "aws_s3_bucket_object.software": {
                    "type": "aws_s3_bucket_object",
                    "depends_on": [
                        "aws_s3_bucket.bootstrap_bucket"
                    ],
                    "primary": {
                        "id": "software/",
                        "attributes": {
                            "acl": "private",
                            "bucket": "jff2-auto-bucket",
                            "cache_control": "",
                            "content_disposition": "",
                            "content_encoding": "",
                            "content_language": "",
                            "content_type": "binary/octet-stream",
                            "etag": "d41d8cd98f00b204e9800998ecf8427e",
                            "id": "software/",
                            "key": "software/",
                            "server_side_encryption": "",
                            "source": "/dev/null",
                            "storage_class": "STANDARD",
                            "tags.%": "0",
                            "version_id": "",
                            "website_redirect": ""
                        },
                        "meta": {},
                        "tainted": false
                    },
                    "deposed": [],
                    "provider": "provider.aws"
                },
                "aws_security_group.kaliWideOpen": {
                    "type": "aws_security_group",
                    "depends_on": [
                        "aws_vpc.kali"
                    ],
                    "primary": {
                        "id": "sg-03f8fa6193dd18354",
                        "attributes": {
                            "arn": "arn:aws:ec2:us-west-1:315800796174:security-group/sg-03f8fa6193dd18354",
                            "description": "Wide open security group",
                            "egress.#": "1",
                            "egress.482069346.cidr_blocks.#": "1",
                            "egress.482069346.cidr_blocks.0": "0.0.0.0/0",
                            "egress.482069346.description": "",
                            "egress.482069346.from_port": "0",
                            "egress.482069346.ipv6_cidr_blocks.#": "0",
                            "egress.482069346.prefix_list_ids.#": "0",
                            "egress.482069346.protocol": "-1",
                            "egress.482069346.security_groups.#": "0",
                            "egress.482069346.self": "false",
                            "egress.482069346.to_port": "0",
                            "id": "sg-03f8fa6193dd18354",
                            "ingress.#": "1",
                            "ingress.482069346.cidr_blocks.#": "1",
                            "ingress.482069346.cidr_blocks.0": "0.0.0.0/0",
                            "ingress.482069346.description": "",
                            "ingress.482069346.from_port": "0",
                            "ingress.482069346.ipv6_cidr_blocks.#": "0",
                            "ingress.482069346.prefix_list_ids.#": "0",
                            "ingress.482069346.protocol": "-1",
                            "ingress.482069346.security_groups.#": "0",
                            "ingress.482069346.self": "false",
                            "ingress.482069346.to_port": "0",
                            "name": "kaliWideOpen",
                            "owner_id": "315800796174",
                            "revoke_rules_on_delete": "false",
                            "tags.%": "0",
                            "vpc_id": "vpc-003644a0e0a3d4515"
                        },
                        "meta": {
                            "e2bfb730-ecaa-11e6-8f88-34363bc7c4c0": {
                                "create": 600000000000,
                                "delete": 600000000000
                            },
                            "schema_version": "1"
                        },
                        "tainted": false
                    },
                    "deposed": [],
                    "provider": "provider.aws"
                },
                "aws_security_group.sgWideOpen": {
                    "type": "aws_security_group",
                    "depends_on": [
                        "aws_vpc.main"
                    ],
                    "primary": {
                        "id": "sg-0249862690a26b219",
                        "attributes": {
                            "arn": "arn:aws:ec2:us-west-1:315800796174:security-group/sg-0249862690a26b219",
                            "description": "Wide open security group",
                            "egress.#": "1",
                            "egress.482069346.cidr_blocks.#": "1",
                            "egress.482069346.cidr_blocks.0": "0.0.0.0/0",
                            "egress.482069346.description": "",
                            "egress.482069346.from_port": "0",
                            "egress.482069346.ipv6_cidr_blocks.#": "0",
                            "egress.482069346.prefix_list_ids.#": "0",
                            "egress.482069346.protocol": "-1",
                            "egress.482069346.security_groups.#": "0",
                            "egress.482069346.self": "false",
                            "egress.482069346.to_port": "0",
                            "id": "sg-0249862690a26b219",
                            "ingress.#": "1",
                            "ingress.482069346.cidr_blocks.#": "1",
                            "ingress.482069346.cidr_blocks.0": "0.0.0.0/0",
                            "ingress.482069346.description": "",
                            "ingress.482069346.from_port": "0",
                            "ingress.482069346.ipv6_cidr_blocks.#": "0",
                            "ingress.482069346.prefix_list_ids.#": "0",
                            "ingress.482069346.protocol": "-1",
                            "ingress.482069346.security_groups.#": "0",
                            "ingress.482069346.self": "false",
                            "ingress.482069346.to_port": "0",
                            "name": "sgWideOpen",
                            "owner_id": "315800796174",
                            "revoke_rules_on_delete": "false",
                            "tags.%": "0",
                            "vpc_id": "vpc-0b13f3905620a591a"
                        },
                        "meta": {
                            "e2bfb730-ecaa-11e6-8f88-34363bc7c4c0": {
                                "create": 600000000000,
                                "delete": 600000000000
                            },
                            "schema_version": "1"
                        },
                        "tainted": false
                    },
                    "deposed": [],
                    "provider": "provider.aws"
                },
                "aws_security_group.webserver": {
                    "type": "aws_security_group",
                    "depends_on": [
                        "aws_vpc.main"
                    ],
                    "primary": {
                        "id": "sg-0b349114dfaf9c9db",
                        "attributes": {
                            "arn": "arn:aws:ec2:us-west-1:315800796174:security-group/sg-0b349114dfaf9c9db",
                            "description": "jenkins web server",
                            "egress.#": "1",
                            "egress.482069346.cidr_blocks.#": "1",
                            "egress.482069346.cidr_blocks.0": "0.0.0.0/0",
                            "egress.482069346.description": "",
                            "egress.482069346.from_port": "0",
                            "egress.482069346.ipv6_cidr_blocks.#": "0",
                            "egress.482069346.prefix_list_ids.#": "0",
                            "egress.482069346.protocol": "-1",
                            "egress.482069346.security_groups.#": "0",
                            "egress.482069346.self": "false",
                            "egress.482069346.to_port": "0",
                            "id": "sg-0b349114dfaf9c9db",
                            "ingress.#": "3",
                            "ingress.2541437006.cidr_blocks.#": "1",
                            "ingress.2541437006.cidr_blocks.0": "0.0.0.0/0",
                            "ingress.2541437006.description": "",
                            "ingress.2541437006.from_port": "22",
                            "ingress.2541437006.ipv6_cidr_blocks.#": "0",
                            "ingress.2541437006.prefix_list_ids.#": "0",
                            "ingress.2541437006.protocol": "tcp",
                            "ingress.2541437006.security_groups.#": "0",
                            "ingress.2541437006.self": "false",
                            "ingress.2541437006.to_port": "22",
                            "ingress.2617001939.cidr_blocks.#": "1",
                            "ingress.2617001939.cidr_blocks.0": "0.0.0.0/0",
                            "ingress.2617001939.description": "",
                            "ingress.2617001939.from_port": "443",
                            "ingress.2617001939.ipv6_cidr_blocks.#": "0",
                            "ingress.2617001939.prefix_list_ids.#": "0",
                            "ingress.2617001939.protocol": "tcp",
                            "ingress.2617001939.security_groups.#": "0",
                            "ingress.2617001939.self": "false",
                            "ingress.2617001939.to_port": "443",
                            "ingress.542945394.cidr_blocks.#": "1",
                            "ingress.542945394.cidr_blocks.0": "10.0.0.0/16",
                            "ingress.542945394.description": "",
                            "ingress.542945394.from_port": "8080",
                            "ingress.542945394.ipv6_cidr_blocks.#": "0",
                            "ingress.542945394.prefix_list_ids.#": "0",
                            "ingress.542945394.protocol": "tcp",
                            "ingress.542945394.security_groups.#": "0",
                            "ingress.542945394.self": "false",
                            "ingress.542945394.to_port": "8080",
                            "name": "webserver",
                            "owner_id": "315800796174",
                            "revoke_rules_on_delete": "false",
                            "tags.%": "0",
                            "vpc_id": "vpc-0b13f3905620a591a"
                        },
                        "meta": {
                            "e2bfb730-ecaa-11e6-8f88-34363bc7c4c0": {
                                "create": 600000000000,
                                "delete": 600000000000
                            },
                            "schema_version": "1"
                        },
                        "tainted": false
                    },
                    "deposed": [],
                    "provider": "provider.aws"
                },
                "aws_subnet.AZ1-MGT": {
                    "type": "aws_subnet",
                    "depends_on": [
                        "aws_vpc.main",
                        "data.aws_availability_zones.available"
                    ],
                    "primary": {
                        "id": "subnet-03dc11695688db841",
                        "attributes": {
                            "arn": "arn:aws:ec2:us-west-1:315800796174:subnet/subnet-03dc11695688db841",
                            "assign_ipv6_address_on_creation": "false",
                            "availability_zone": "us-west-1a",
                            "availability_zone_id": "usw1-az3",
                            "cidr_block": "10.0.0.0/24",
                            "id": "subnet-03dc11695688db841",
                            "ipv6_cidr_block": "",
                            "ipv6_cidr_block_association_id": "",
                            "map_public_ip_on_launch": "false",
                            "owner_id": "315800796174",
                            "tags.%": "1",
                            "tags.Name": "AZ1-MGT",
                            "vpc_id": "vpc-0b13f3905620a591a"
                        },
                        "meta": {
                            "e2bfb730-ecaa-11e6-8f88-34363bc7c4c0": {
                                "create": 600000000000,
                                "delete": 600000000000
                            },
                            "schema_version": "1"
                        },
                        "tainted": false
                    },
                    "deposed": [],
                    "provider": "provider.aws"
                },
                "aws_subnet.AZ1-TRUST": {
                    "type": "aws_subnet",
                    "depends_on": [
                        "aws_vpc.main",
                        "data.aws_availability_zones.available"
                    ],
                    "primary": {
                        "id": "subnet-0f0e1cc677fc9af0c",
                        "attributes": {
                            "arn": "arn:aws:ec2:us-west-1:315800796174:subnet/subnet-0f0e1cc677fc9af0c",
                            "assign_ipv6_address_on_creation": "false",
                            "availability_zone": "us-west-1a",
                            "availability_zone_id": "usw1-az3",
                            "cidr_block": "10.0.2.0/24",
                            "id": "subnet-0f0e1cc677fc9af0c",
                            "ipv6_cidr_block": "",
                            "ipv6_cidr_block_association_id": "",
                            "map_public_ip_on_launch": "false",
                            "owner_id": "315800796174",
                            "tags.%": "1",
                            "tags.Name": "AZ1-TRUST",
                            "vpc_id": "vpc-0b13f3905620a591a"
                        },
                        "meta": {
                            "e2bfb730-ecaa-11e6-8f88-34363bc7c4c0": {
                                "create": 600000000000,
                                "delete": 600000000000
                            },
                            "schema_version": "1"
                        },
                        "tainted": false
                    },
                    "deposed": [],
                    "provider": "provider.aws"
                },
                "aws_subnet.AZ1-UNTRUST": {
                    "type": "aws_subnet",
                    "depends_on": [
                        "aws_vpc.main",
                        "data.aws_availability_zones.available"
                    ],
                    "primary": {
                        "id": "subnet-0367f4afa1d8db965",
                        "attributes": {
                            "arn": "arn:aws:ec2:us-west-1:315800796174:subnet/subnet-0367f4afa1d8db965",
                            "assign_ipv6_address_on_creation": "false",
                            "availability_zone": "us-west-1a",
                            "availability_zone_id": "usw1-az3",
                            "cidr_block": "10.0.1.0/24",
                            "id": "subnet-0367f4afa1d8db965",
                            "ipv6_cidr_block": "",
                            "ipv6_cidr_block_association_id": "",
                            "map_public_ip_on_launch": "false",
                            "owner_id": "315800796174",
                            "tags.%": "1",
                            "tags.Name": "AZ1-UNTRUST",
                            "vpc_id": "vpc-0b13f3905620a591a"
                        },
                        "meta": {
                            "e2bfb730-ecaa-11e6-8f88-34363bc7c4c0": {
                                "create": 600000000000,
                                "delete": 600000000000
                            },
                            "schema_version": "1"
                        },
                        "tainted": false
                    },
                    "deposed": [],
                    "provider": "provider.aws"
                },
                "aws_subnet.AZ1-attack1": {
                    "type": "aws_subnet",
                    "depends_on": [
                        "aws_vpc.kali",
                        "data.aws_availability_zones.available"
                    ],
                    "primary": {
                        "id": "subnet-0ae4b98ef2caa7071",
                        "attributes": {
                            "arn": "arn:aws:ec2:us-west-1:315800796174:subnet/subnet-0ae4b98ef2caa7071",
                            "assign_ipv6_address_on_creation": "false",
                            "availability_zone": "us-west-1a",
                            "availability_zone_id": "usw1-az3",
                            "cidr_block": "10.1.1.0/24",
                            "id": "subnet-0ae4b98ef2caa7071",
                            "ipv6_cidr_block": "",
                            "ipv6_cidr_block_association_id": "",
                            "map_public_ip_on_launch": "false",
                            "owner_id": "315800796174",
                            "tags.%": "0",
                            "vpc_id": "vpc-003644a0e0a3d4515"
                        },
                        "meta": {
                            "e2bfb730-ecaa-11e6-8f88-34363bc7c4c0": {
                                "create": 600000000000,
                                "delete": 600000000000
                            },
                            "schema_version": "1"
                        },
                        "tainted": false
                    },
                    "deposed": [],
                    "provider": "provider.aws"
                },
                "aws_subnet.AZ2-MGT": {
                    "type": "aws_subnet",
                    "depends_on": [
                        "aws_vpc.main",
                        "data.aws_availability_zones.available"
                    ],
                    "primary": {
                        "id": "subnet-0ee07b15badc3e4f4",
                        "attributes": {
                            "arn": "arn:aws:ec2:us-west-1:315800796174:subnet/subnet-0ee07b15badc3e4f4",
                            "assign_ipv6_address_on_creation": "false",
                            "availability_zone": "us-west-1b",
                            "availability_zone_id": "usw1-az1",
                            "cidr_block": "10.0.10.0/24",
                            "id": "subnet-0ee07b15badc3e4f4",
                            "ipv6_cidr_block": "",
                            "ipv6_cidr_block_association_id": "",
                            "map_public_ip_on_launch": "false",
                            "owner_id": "315800796174",
                            "tags.%": "1",
                            "tags.Name": "AZ2-MGT",
                            "vpc_id": "vpc-0b13f3905620a591a"
                        },
                        "meta": {
                            "e2bfb730-ecaa-11e6-8f88-34363bc7c4c0": {
                                "create": 600000000000,
                                "delete": 600000000000
                            },
                            "schema_version": "1"
                        },
                        "tainted": false
                    },
                    "deposed": [],
                    "provider": "provider.aws"
                },
                "aws_subnet.AZ2-TRUST": {
                    "type": "aws_subnet",
                    "depends_on": [
                        "aws_vpc.main",
                        "data.aws_availability_zones.available"
                    ],
                    "primary": {
                        "id": "subnet-05428384083c84c2a",
                        "attributes": {
                            "arn": "arn:aws:ec2:us-west-1:315800796174:subnet/subnet-05428384083c84c2a",
                            "assign_ipv6_address_on_creation": "false",
                            "availability_zone": "us-west-1b",
                            "availability_zone_id": "usw1-az1",
                            "cidr_block": "10.0.12.0/24",
                            "id": "subnet-05428384083c84c2a",
                            "ipv6_cidr_block": "",
                            "ipv6_cidr_block_association_id": "",
                            "map_public_ip_on_launch": "false",
                            "owner_id": "315800796174",
                            "tags.%": "1",
                            "tags.Name": "AZ2-TRUST",
                            "vpc_id": "vpc-0b13f3905620a591a"
                        },
                        "meta": {
                            "e2bfb730-ecaa-11e6-8f88-34363bc7c4c0": {
                                "create": 600000000000,
                                "delete": 600000000000
                            },
                            "schema_version": "1"
                        },
                        "tainted": false
                    },
                    "deposed": [],
                    "provider": "provider.aws"
                },
                "aws_subnet.AZ2-UNTRUST": {
                    "type": "aws_subnet",
                    "depends_on": [
                        "aws_vpc.main",
                        "data.aws_availability_zones.available"
                    ],
                    "primary": {
                        "id": "subnet-0c002e961bd9444ed",
                        "attributes": {
                            "arn": "arn:aws:ec2:us-west-1:315800796174:subnet/subnet-0c002e961bd9444ed",
                            "assign_ipv6_address_on_creation": "false",
                            "availability_zone": "us-west-1b",
                            "availability_zone_id": "usw1-az1",
                            "cidr_block": "10.0.11.0/24",
                            "id": "subnet-0c002e961bd9444ed",
                            "ipv6_cidr_block": "",
                            "ipv6_cidr_block_association_id": "",
                            "map_public_ip_on_launch": "false",
                            "owner_id": "315800796174",
                            "tags.%": "1",
                            "tags.Name": "AZ2-UNTRUST",
                            "vpc_id": "vpc-0b13f3905620a591a"
                        },
                        "meta": {
                            "e2bfb730-ecaa-11e6-8f88-34363bc7c4c0": {
                                "create": 600000000000,
                                "delete": 600000000000
                            },
                            "schema_version": "1"
                        },
                        "tainted": false
                    },
                    "deposed": [],
                    "provider": "provider.aws"
                },
                "aws_vpc.kali": {
                    "type": "aws_vpc",
                    "depends_on": [],
                    "primary": {
                        "id": "vpc-003644a0e0a3d4515",
                        "attributes": {
                            "arn": "arn:aws:ec2:us-west-1:315800796174:vpc/vpc-003644a0e0a3d4515",
                            "assign_generated_ipv6_cidr_block": "false",
                            "cidr_block": "10.1.0.0/16",
                            "default_network_acl_id": "acl-08399851bd98d3215",
                            "default_route_table_id": "rtb-0dc03302aba146e74",
                            "default_security_group_id": "sg-0bd5b99c4d3755aa5",
                            "dhcp_options_id": "dopt-5d9e7e38",
                            "enable_classiclink": "false",
                            "enable_classiclink_dns_support": "false",
                            "enable_dns_hostnames": "false",
                            "enable_dns_support": "true",
                            "id": "vpc-003644a0e0a3d4515",
                            "instance_tenancy": "dedicated",
                            "ipv6_association_id": "",
                            "ipv6_cidr_block": "",
                            "main_route_table_id": "rtb-0dc03302aba146e74",
                            "owner_id": "315800796174",
                            "tags.%": "1",
                            "tags.Name": "kali"
                        },
                        "meta": {
                            "schema_version": "1"
                        },
                        "tainted": false
                    },
                    "deposed": [],
                    "provider": "provider.aws"
                },
                "aws_vpc.main": {
                    "type": "aws_vpc",
                    "depends_on": [],
                    "primary": {
                        "id": "vpc-0b13f3905620a591a",
                        "attributes": {
                            "arn": "arn:aws:ec2:us-west-1:315800796174:vpc/vpc-0b13f3905620a591a",
                            "assign_generated_ipv6_cidr_block": "false",
                            "cidr_block": "10.0.0.0/16",
                            "default_network_acl_id": "acl-0f58ba03fbf85a023",
                            "default_route_table_id": "rtb-0ebabaf1db813a954",
                            "default_security_group_id": "sg-0d98d3a0eb278e2e7",
                            "dhcp_options_id": "dopt-5d9e7e38",
                            "enable_classiclink": "false",
                            "enable_classiclink_dns_support": "false",
                            "enable_dns_hostnames": "false",
                            "enable_dns_support": "true",
                            "id": "vpc-0b13f3905620a591a",
                            "instance_tenancy": "dedicated",
                            "ipv6_association_id": "",
                            "ipv6_cidr_block": "",
                            "main_route_table_id": "rtb-0ebabaf1db813a954",
                            "owner_id": "315800796174",
                            "tags.%": "1",
                            "tags.Name": "main"
                        },
                        "meta": {
                            "schema_version": "1"
                        },
                        "tainted": false
                    },
                    "deposed": [],
                    "provider": "provider.aws"
                },
                "data.aws_availability_zones.available": {
                    "type": "aws_availability_zones",
                    "depends_on": [],
                    "primary": {
                        "id": "2019-03-05 19:46:57.232128 +0000 UTC",
                        "attributes": {
                            "id": "2019-03-05 19:46:57.232128 +0000 UTC",
                            "names.#": "2",
                            "names.0": "us-west-1a",
                            "names.1": "us-west-1b",
                            "zone_ids.#": "2",
                            "zone_ids.0": "usw1-az3",
                            "zone_ids.1": "usw1-az1"
                        },
                        "meta": {},
                        "tainted": false
                    },
                    "deposed": [],
                    "provider": "provider.aws"
                }
            },
            "depends_on": []
        }
    ]
}
