{
    "version": 3,
    "terraform_version": "0.11.7",
    "serial": 13,
    "lineage": "2b1c0a4a-7495-7f41-68ba-377cd96963de",
    "modules": [
        {
            "path": [
                "root"
            ],
            "outputs": {
                "web_acl_id": {
                    "sensitive": false,
                    "type": "string",
                    "value": "6c04aed7-a803-48f5-9280-ac59fcc790f8"
                }
            },
            "resources": {
                "aws_wafregional_byte_match_set.match_admin_url": {
                    "type": "aws_wafregional_byte_match_set",
                    "depends_on": [],
                    "primary": {
                        "id": "ea1addb6-c971-448e-9b47-ee4fb20b2a48",
                        "attributes": {
                            "byte_match_tuples.#": "1",
                            "byte_match_tuples.3023220010.field_to_match.#": "1",
                            "byte_match_tuples.3023220010.field_to_match.0.data": "",
                            "byte_match_tuples.3023220010.field_to_match.0.type": "URI",
                            "byte_match_tuples.3023220010.positional_constraint": "STARTS_WITH",
                            "byte_match_tuples.3023220010.target_string": "/admin",
                            "byte_match_tuples.3023220010.text_transformation": "URL_DECODE",
                            "id": "ea1addb6-c971-448e-9b47-ee4fb20b2a48",
                            "name": "managed-generic-match-admin-url"
                        },
                        "meta": {},
                        "tainted": false
                    },
                    "deposed": [],
                    "provider": "provider.aws"
                },
                "aws_wafregional_byte_match_set.match_auth_tokens": {
                    "type": "aws_wafregional_byte_match_set",
                    "depends_on": [],
                    "primary": {
                        "id": "818c38fa-5b78-4232-9c73-7ffedf25bd47",
                        "attributes": {
                            "byte_match_tuples.#": "2",
                            "byte_match_tuples.1763751031.field_to_match.#": "1",
                            "byte_match_tuples.1763751031.field_to_match.0.data": "cookie",
                            "byte_match_tuples.1763751031.field_to_match.0.type": "HEADER",
                            "byte_match_tuples.1763751031.positional_constraint": "CONTAINS",
                            "byte_match_tuples.1763751031.target_string": "example-session-id",
                            "byte_match_tuples.1763751031.text_transformation": "URL_DECODE",
                            "byte_match_tuples.34349563.field_to_match.#": "1",
                            "byte_match_tuples.34349563.field_to_match.0.data": "authorization",
                            "byte_match_tuples.34349563.field_to_match.0.type": "HEADER",
                            "byte_match_tuples.34349563.positional_constraint": "ENDS_WITH",
                            "byte_match_tuples.34349563.target_string": ".TJVA95OrM7E2cBab30RMHrHDcEfxjoYZgeFONFh7HgQ",
                            "byte_match_tuples.34349563.text_transformation": "URL_DECODE",
                            "id": "818c38fa-5b78-4232-9c73-7ffedf25bd47",
                            "name": "managed-generic-match-auth-tokens"
                        },
                        "meta": {},
                        "tainted": false
                    },
                    "deposed": [],
                    "provider": "provider.aws"
                },
                "aws_wafregional_byte_match_set.match_csrf_method": {
                    "type": "aws_wafregional_byte_match_set",
                    "depends_on": [],
                    "primary": {
                        "id": "61985b12-dc31-4831-a2c7-22bae86aea19",
                        "attributes": {
                            "byte_match_tuples.#": "1",
                            "byte_match_tuples.3933249135.field_to_match.#": "1",
                            "byte_match_tuples.3933249135.field_to_match.0.data": "",
                            "byte_match_tuples.3933249135.field_to_match.0.type": "METHOD",
                            "byte_match_tuples.3933249135.positional_constraint": "EXACTLY",
                            "byte_match_tuples.3933249135.target_string": "post",
                            "byte_match_tuples.3933249135.text_transformation": "LOWERCASE",
                            "id": "61985b12-dc31-4831-a2c7-22bae86aea19",
                            "name": "managed-generic-match-csrf-method"
                        },
                        "meta": {},
                        "tainted": false
                    },
                    "deposed": [],
                    "provider": "provider.aws"
                },
                "aws_wafregional_byte_match_set.match_php_insecure_uri": {
                    "type": "aws_wafregional_byte_match_set",
                    "depends_on": [],
                    "primary": {
                        "id": "eef47558-cf36-4d54-ba26-be314813b0f7",
                        "attributes": {
                            "byte_match_tuples.#": "2",
                            "byte_match_tuples.1340196850.field_to_match.#": "1",
                            "byte_match_tuples.1340196850.field_to_match.0.data": "",
                            "byte_match_tuples.1340196850.field_to_match.0.type": "URI",
                            "byte_match_tuples.1340196850.positional_constraint": "ENDS_WITH",
                            "byte_match_tuples.1340196850.target_string": "/",
                            "byte_match_tuples.1340196850.text_transformation": "URL_DECODE",
                            "byte_match_tuples.1708255575.field_to_match.#": "1",
                            "byte_match_tuples.1708255575.field_to_match.0.data": "",
                            "byte_match_tuples.1708255575.field_to_match.0.type": "URI",
                            "byte_match_tuples.1708255575.positional_constraint": "ENDS_WITH",
                            "byte_match_tuples.1708255575.target_string": "php",
                            "byte_match_tuples.1708255575.text_transformation": "URL_DECODE",
                            "id": "eef47558-cf36-4d54-ba26-be314813b0f7",
                            "name": "managed-generic-match-php-insecure-uri"
                        },
                        "meta": {},
                        "tainted": false
                    },
                    "deposed": [],
                    "provider": "provider.aws"
                },
                "aws_wafregional_byte_match_set.match_php_insecure_var_refs": {
                    "type": "aws_wafregional_byte_match_set",
                    "depends_on": [],
                    "primary": {
                        "id": "828dfa98-9a68-455c-b8d9-32af23b109eb",
                        "attributes": {
                            "byte_match_tuples.#": "8",
                            "byte_match_tuples.1024827581.field_to_match.#": "1",
                            "byte_match_tuples.1024827581.field_to_match.0.data": "",
                            "byte_match_tuples.1024827581.field_to_match.0.type": "QUERY_STRING",
                            "byte_match_tuples.1024827581.positional_constraint": "CONTAINS",
                            "byte_match_tuples.1024827581.target_string": "_ENV[",
                            "byte_match_tuples.1024827581.text_transformation": "URL_DECODE",
                            "byte_match_tuples.1298448851.field_to_match.#": "1",
                            "byte_match_tuples.1298448851.field_to_match.0.data": "",
                            "byte_match_tuples.1298448851.field_to_match.0.type": "QUERY_STRING",
                            "byte_match_tuples.1298448851.positional_constraint": "CONTAINS",
                            "byte_match_tuples.1298448851.target_string": "auto_prepend_file=",
                            "byte_match_tuples.1298448851.text_transformation": "URL_DECODE",
                            "byte_match_tuples.1432630407.field_to_match.#": "1",
                            "byte_match_tuples.1432630407.field_to_match.0.data": "",
                            "byte_match_tuples.1432630407.field_to_match.0.type": "QUERY_STRING",
                            "byte_match_tuples.1432630407.positional_constraint": "CONTAINS",
                            "byte_match_tuples.1432630407.target_string": "_SERVER[",
                            "byte_match_tuples.1432630407.text_transformation": "URL_DECODE",
                            "byte_match_tuples.2575409340.field_to_match.#": "1",
                            "byte_match_tuples.2575409340.field_to_match.0.data": "",
                            "byte_match_tuples.2575409340.field_to_match.0.type": "QUERY_STRING",
                            "byte_match_tuples.2575409340.positional_constraint": "CONTAINS",
                            "byte_match_tuples.2575409340.target_string": "auto_append_file=",
                            "byte_match_tuples.2575409340.text_transformation": "URL_DECODE",
                            "byte_match_tuples.3159339951.field_to_match.#": "1",
                            "byte_match_tuples.3159339951.field_to_match.0.data": "",
                            "byte_match_tuples.3159339951.field_to_match.0.type": "QUERY_STRING",
                            "byte_match_tuples.3159339951.positional_constraint": "CONTAINS",
                            "byte_match_tuples.3159339951.target_string": "disable_functions=",
                            "byte_match_tuples.3159339951.text_transformation": "URL_DECODE",
                            "byte_match_tuples.3287184741.field_to_match.#": "1",
                            "byte_match_tuples.3287184741.field_to_match.0.data": "",
                            "byte_match_tuples.3287184741.field_to_match.0.type": "QUERY_STRING",
                            "byte_match_tuples.3287184741.positional_constraint": "CONTAINS",
                            "byte_match_tuples.3287184741.target_string": "open_basedir=",
                            "byte_match_tuples.3287184741.text_transformation": "URL_DECODE",
                            "byte_match_tuples.404422743.field_to_match.#": "1",
                            "byte_match_tuples.404422743.field_to_match.0.data": "",
                            "byte_match_tuples.404422743.field_to_match.0.type": "QUERY_STRING",
                            "byte_match_tuples.404422743.positional_constraint": "CONTAINS",
                            "byte_match_tuples.404422743.target_string": "allow_url_include=",
                            "byte_match_tuples.404422743.text_transformation": "URL_DECODE",
                            "byte_match_tuples.711385692.field_to_match.#": "1",
                            "byte_match_tuples.711385692.field_to_match.0.data": "",
                            "byte_match_tuples.711385692.field_to_match.0.type": "QUERY_STRING",
                            "byte_match_tuples.711385692.positional_constraint": "CONTAINS",
                            "byte_match_tuples.711385692.target_string": "safe_mode=",
                            "byte_match_tuples.711385692.text_transformation": "URL_DECODE",
                            "id": "828dfa98-9a68-455c-b8d9-32af23b109eb",
                            "name": "managed-generic-match-php-insecure-var-refs"
                        },
                        "meta": {},
                        "tainted": false
                    },
                    "deposed": [],
                    "provider": "provider.aws"
                },
                "aws_wafregional_byte_match_set.match_rfi_lfi_traversal": {
                    "type": "aws_wafregional_byte_match_set",
                    "depends_on": [],
                    "primary": {
                        "id": "80f63eb8-a385-44d0-a70e-39cb42ae2cf1",
                        "attributes": {
                            "byte_match_tuples.#": "8",
                            "byte_match_tuples.1140272538.field_to_match.#": "1",
                            "byte_match_tuples.1140272538.field_to_match.0.data": "",
                            "byte_match_tuples.1140272538.field_to_match.0.type": "QUERY_STRING",
                            "byte_match_tuples.1140272538.positional_constraint": "CONTAINS",
                            "byte_match_tuples.1140272538.target_string": "://",
                            "byte_match_tuples.1140272538.text_transformation": "HTML_ENTITY_DECODE",
                            "byte_match_tuples.1373801180.field_to_match.#": "1",
                            "byte_match_tuples.1373801180.field_to_match.0.data": "",
                            "byte_match_tuples.1373801180.field_to_match.0.type": "URI",
                            "byte_match_tuples.1373801180.positional_constraint": "CONTAINS",
                            "byte_match_tuples.1373801180.target_string": "../",
                            "byte_match_tuples.1373801180.text_transformation": "URL_DECODE",
                            "byte_match_tuples.23931760.field_to_match.#": "1",
                            "byte_match_tuples.23931760.field_to_match.0.data": "",
                            "byte_match_tuples.23931760.field_to_match.0.type": "URI",
                            "byte_match_tuples.23931760.positional_constraint": "CONTAINS",
                            "byte_match_tuples.23931760.target_string": "../",
                            "byte_match_tuples.23931760.text_transformation": "HTML_ENTITY_DECODE",
                            "byte_match_tuples.2414415599.field_to_match.#": "1",
                            "byte_match_tuples.2414415599.field_to_match.0.data": "",
                            "byte_match_tuples.2414415599.field_to_match.0.type": "QUERY_STRING",
                            "byte_match_tuples.2414415599.positional_constraint": "CONTAINS",
                            "byte_match_tuples.2414415599.target_string": "../",
                            "byte_match_tuples.2414415599.text_transformation": "HTML_ENTITY_DECODE",
                            "byte_match_tuples.2986396675.field_to_match.#": "1",
                            "byte_match_tuples.2986396675.field_to_match.0.data": "",
                            "byte_match_tuples.2986396675.field_to_match.0.type": "URI",
                            "byte_match_tuples.2986396675.positional_constraint": "CONTAINS",
                            "byte_match_tuples.2986396675.target_string": "://",
                            "byte_match_tuples.2986396675.text_transformation": "URL_DECODE",
                            "byte_match_tuples.3346484590.field_to_match.#": "1",
                            "byte_match_tuples.3346484590.field_to_match.0.data": "",
                            "byte_match_tuples.3346484590.field_to_match.0.type": "QUERY_STRING",
                            "byte_match_tuples.3346484590.positional_constraint": "CONTAINS",
                            "byte_match_tuples.3346484590.target_string": "../",
                            "byte_match_tuples.3346484590.text_transformation": "URL_DECODE",
                            "byte_match_tuples.3446867973.field_to_match.#": "1",
                            "byte_match_tuples.3446867973.field_to_match.0.data": "",
                            "byte_match_tuples.3446867973.field_to_match.0.type": "URI",
                            "byte_match_tuples.3446867973.positional_constraint": "CONTAINS",
                            "byte_match_tuples.3446867973.target_string": "://",
                            "byte_match_tuples.3446867973.text_transformation": "HTML_ENTITY_DECODE",
                            "byte_match_tuples.613747633.field_to_match.#": "1",
                            "byte_match_tuples.613747633.field_to_match.0.data": "",
                            "byte_match_tuples.613747633.field_to_match.0.type": "QUERY_STRING",
                            "byte_match_tuples.613747633.positional_constraint": "CONTAINS",
                            "byte_match_tuples.613747633.target_string": "://",
                            "byte_match_tuples.613747633.text_transformation": "URL_DECODE",
                            "id": "80f63eb8-a385-44d0-a70e-39cb42ae2cf1",
                            "name": "managed-generic-match-rfi-lfi-traversal"
                        },
                        "meta": {},
                        "tainted": false
                    },
                    "deposed": [],
                    "provider": "provider.aws"
                },
                "aws_wafregional_byte_match_set.match_ssi": {
                    "type": "aws_wafregional_byte_match_set",
                    "depends_on": [],
                    "primary": {
                        "id": "980ada15-1cf6-46ef-85ba-e8db3264487b",
                        "attributes": {
                            "byte_match_tuples.#": "8",
                            "byte_match_tuples.1312901285.field_to_match.#": "1",
                            "byte_match_tuples.1312901285.field_to_match.0.data": "",
                            "byte_match_tuples.1312901285.field_to_match.0.type": "URI",
                            "byte_match_tuples.1312901285.positional_constraint": "ENDS_WITH",
                            "byte_match_tuples.1312901285.target_string": ".bak",
                            "byte_match_tuples.1312901285.text_transformation": "LOWERCASE",
                            "byte_match_tuples.140069403.field_to_match.#": "1",
                            "byte_match_tuples.140069403.field_to_match.0.data": "",
                            "byte_match_tuples.140069403.field_to_match.0.type": "URI",
                            "byte_match_tuples.140069403.positional_constraint": "ENDS_WITH",
                            "byte_match_tuples.140069403.target_string": ".ini",
                            "byte_match_tuples.140069403.text_transformation": "LOWERCASE",
                            "byte_match_tuples.2021705012.field_to_match.#": "1",
                            "byte_match_tuples.2021705012.field_to_match.0.data": "",
                            "byte_match_tuples.2021705012.field_to_match.0.type": "URI",
                            "byte_match_tuples.2021705012.positional_constraint": "ENDS_WITH",
                            "byte_match_tuples.2021705012.target_string": ".cfg",
                            "byte_match_tuples.2021705012.text_transformation": "LOWERCASE",
                            "byte_match_tuples.2417876238.field_to_match.#": "1",
                            "byte_match_tuples.2417876238.field_to_match.0.data": "",
                            "byte_match_tuples.2417876238.field_to_match.0.type": "URI",
                            "byte_match_tuples.2417876238.positional_constraint": "ENDS_WITH",
                            "byte_match_tuples.2417876238.target_string": ".config",
                            "byte_match_tuples.2417876238.text_transformation": "LOWERCASE",
                            "byte_match_tuples.2785824360.field_to_match.#": "1",
                            "byte_match_tuples.2785824360.field_to_match.0.data": "",
                            "byte_match_tuples.2785824360.field_to_match.0.type": "URI",
                            "byte_match_tuples.2785824360.positional_constraint": "ENDS_WITH",
                            "byte_match_tuples.2785824360.target_string": ".backup",
                            "byte_match_tuples.2785824360.text_transformation": "LOWERCASE",
                            "byte_match_tuples.3080912905.field_to_match.#": "1",
                            "byte_match_tuples.3080912905.field_to_match.0.data": "",
                            "byte_match_tuples.3080912905.field_to_match.0.type": "URI",
                            "byte_match_tuples.3080912905.positional_constraint": "STARTS_WITH",
                            "byte_match_tuples.3080912905.target_string": "/includes",
                            "byte_match_tuples.3080912905.text_transformation": "URL_DECODE",
                            "byte_match_tuples.3110784806.field_to_match.#": "1",
                            "byte_match_tuples.3110784806.field_to_match.0.data": "",
                            "byte_match_tuples.3110784806.field_to_match.0.type": "URI",
                            "byte_match_tuples.3110784806.positional_constraint": "ENDS_WITH",
                            "byte_match_tuples.3110784806.target_string": ".conf",
                            "byte_match_tuples.3110784806.text_transformation": "LOWERCASE",
                            "byte_match_tuples.578546797.field_to_match.#": "1",
                            "byte_match_tuples.578546797.field_to_match.0.data": "",
                            "byte_match_tuples.578546797.field_to_match.0.type": "URI",
                            "byte_match_tuples.578546797.positional_constraint": "ENDS_WITH",
                            "byte_match_tuples.578546797.target_string": ".log",
                            "byte_match_tuples.578546797.text_transformation": "LOWERCASE",
                            "id": "980ada15-1cf6-46ef-85ba-e8db3264487b",
                            "name": "managed-generic-match-ssi"
                        },
                        "meta": {},
                        "tainted": false
                    },
                    "deposed": [],
                    "provider": "provider.aws"
                },
                "aws_wafregional_ipset.admin_remote_ipset": {
                    "type": "aws_wafregional_ipset",
                    "depends_on": [],
                    "primary": {
                        "id": "07bc1060-6698-409f-9ca8-e6ba339f050d",
                        "attributes": {
                            "arn": "arn:aws:waf-regional:us-west-1:315800796174:ipset/07bc1060-6698-409f-9ca8-e6ba339f050d",
                            "id": "07bc1060-6698-409f-9ca8-e6ba339f050d",
                            "ip_set_descriptor.#": "1",
                            "ip_set_descriptor.1597288803.type": "IPV4",
                            "ip_set_descriptor.1597288803.value": "127.0.0.1/32",
                            "name": "managed-generic-match-admin-remote-ip"
                        },
                        "meta": {},
                        "tainted": false
                    },
                    "deposed": [],
                    "provider": "provider.aws"
                },
                "aws_wafregional_ipset.blacklisted_ips": {
                    "type": "aws_wafregional_ipset",
                    "depends_on": [],
                    "primary": {
                        "id": "f12be80f-4040-424f-9460-6ee92c133f64",
                        "attributes": {
                            "arn": "arn:aws:waf-regional:us-west-1:315800796174:ipset/f12be80f-4040-424f-9460-6ee92c133f64",
                            "id": "f12be80f-4040-424f-9460-6ee92c133f64",
                            "ip_set_descriptor.#": "5",
                            "ip_set_descriptor.1597288803.type": "IPV4",
                            "ip_set_descriptor.1597288803.value": "127.0.0.1/32",
                            "ip_set_descriptor.305074827.type": "IPV4",
                            "ip_set_descriptor.305074827.value": "192.168.0.0/16",
                            "ip_set_descriptor.594183956.type": "IPV4",
                            "ip_set_descriptor.594183956.value": "10.0.0.0/8",
                            "ip_set_descriptor.695996682.type": "IPV4",
                            "ip_set_descriptor.695996682.value": "172.16.0.0/16",
                            "ip_set_descriptor.932394952.type": "IPV4",
                            "ip_set_descriptor.932394952.value": "169.254.0.0/16",
                            "name": "managed-generic-match-blacklisted-ips"
                        },
                        "meta": {},
                        "tainted": false
                    },
                    "deposed": [],
                    "provider": "provider.aws"
                },
                "aws_wafregional_rule.detect_admin_access": {
                    "type": "aws_wafregional_rule",
                    "depends_on": [
                        "aws_wafregional_byte_match_set.match_admin_url",
                        "aws_wafregional_ipset.admin_remote_ipset"
                    ],
                    "primary": {
                        "id": "a21c519a-224d-4547-a61b-e7990cf0bc4e",
                        "attributes": {
                            "id": "a21c519a-224d-4547-a61b-e7990cf0bc4e",
                            "metric_name": "managedgenericdetectadminaccess",
                            "name": "managed-generic-detect-admin-access",
                            "predicate.#": "2",
                            "predicate.699489301.data_id": "ea1addb6-c971-448e-9b47-ee4fb20b2a48",
                            "predicate.699489301.negated": "false",
                            "predicate.699489301.type": "ByteMatch",
                            "predicate.955237522.data_id": "07bc1060-6698-409f-9ca8-e6ba339f050d",
                            "predicate.955237522.negated": "true",
                            "predicate.955237522.type": "IPMatch"
                        },
                        "meta": {},
                        "tainted": false
                    },
                    "deposed": [],
                    "provider": "provider.aws"
                },
                "aws_wafregional_rule.detect_bad_auth_tokens": {
                    "type": "aws_wafregional_rule",
                    "depends_on": [
                        "aws_wafregional_byte_match_set.match_auth_tokens"
                    ],
                    "primary": {
                        "id": "34a47b93-cf5e-47ff-aa09-55f84bb27bbf",
                        "attributes": {
                            "id": "34a47b93-cf5e-47ff-aa09-55f84bb27bbf",
                            "metric_name": "managedgenericdetectbadauthtokens",
                            "name": "managed-generic-detect-bad-auth-tokens",
                            "predicate.#": "1",
                            "predicate.3147726390.data_id": "818c38fa-5b78-4232-9c73-7ffedf25bd47",
                            "predicate.3147726390.negated": "false",
                            "predicate.3147726390.type": "ByteMatch"
                        },
                        "meta": {},
                        "tainted": false
                    },
                    "deposed": [],
                    "provider": "provider.aws"
                },
                "aws_wafregional_rule.detect_blacklisted_ips": {
                    "type": "aws_wafregional_rule",
                    "depends_on": [
                        "aws_wafregional_ipset.blacklisted_ips"
                    ],
                    "primary": {
                        "id": "61430716-8889-4d31-a725-5c1b9e65811f",
                        "attributes": {
                            "id": "61430716-8889-4d31-a725-5c1b9e65811f",
                            "metric_name": "managedgenericdetectblacklistedips",
                            "name": "managed-generic-detect-blacklisted-ips",
                            "predicate.#": "1",
                            "predicate.1032415099.data_id": "f12be80f-4040-424f-9460-6ee92c133f64",
                            "predicate.1032415099.negated": "false",
                            "predicate.1032415099.type": "IPMatch"
                        },
                        "meta": {},
                        "tainted": false
                    },
                    "deposed": [],
                    "provider": "provider.aws"
                },
                "aws_wafregional_rule.detect_php_insecure": {
                    "type": "aws_wafregional_rule",
                    "depends_on": [
                        "aws_wafregional_byte_match_set.match_php_insecure_uri",
                        "aws_wafregional_byte_match_set.match_php_insecure_var_refs"
                    ],
                    "primary": {
                        "id": "a8e8a705-1293-4ce7-8b29-d7a1d3be47af",
                        "attributes": {
                            "id": "a8e8a705-1293-4ce7-8b29-d7a1d3be47af",
                            "metric_name": "managedgenericdetectphpinsecure",
                            "name": "managed-generic-detect-php-insecure",
                            "predicate.#": "2",
                            "predicate.1095445318.data_id": "eef47558-cf36-4d54-ba26-be314813b0f7",
                            "predicate.1095445318.negated": "false",
                            "predicate.1095445318.type": "ByteMatch",
                            "predicate.935582731.data_id": "828dfa98-9a68-455c-b8d9-32af23b109eb",
                            "predicate.935582731.negated": "false",
                            "predicate.935582731.type": "ByteMatch"
                        },
                        "meta": {},
                        "tainted": false
                    },
                    "deposed": [],
                    "provider": "provider.aws"
                },
                "aws_wafregional_rule.detect_rfi_lfi_traversal": {
                    "type": "aws_wafregional_rule",
                    "depends_on": [
                        "aws_wafregional_byte_match_set.match_rfi_lfi_traversal"
                    ],
                    "primary": {
                        "id": "f5c31596-885f-4343-8835-827c8d33c44c",
                        "attributes": {
                            "id": "f5c31596-885f-4343-8835-827c8d33c44c",
                            "metric_name": "managedgenericdetectrfilfitraversal",
                            "name": "managed-generic-detect-rfi-lfi-traversal",
                            "predicate.#": "1",
                            "predicate.1701384444.data_id": "80f63eb8-a385-44d0-a70e-39cb42ae2cf1",
                            "predicate.1701384444.negated": "false",
                            "predicate.1701384444.type": "ByteMatch"
                        },
                        "meta": {},
                        "tainted": false
                    },
                    "deposed": [],
                    "provider": "provider.aws"
                },
                "aws_wafregional_rule.detect_ssi": {
                    "type": "aws_wafregional_rule",
                    "depends_on": [
                        "aws_wafregional_byte_match_set.match_ssi"
                    ],
                    "primary": {
                        "id": "383392b8-ca0e-4c93-bf3b-04c042dde5b4",
                        "attributes": {
                            "id": "383392b8-ca0e-4c93-bf3b-04c042dde5b4",
                            "metric_name": "managedgenericdetectssi",
                            "name": "managed-generic-detect-ssi",
                            "predicate.#": "1",
                            "predicate.1718223187.data_id": "980ada15-1cf6-46ef-85ba-e8db3264487b",
                            "predicate.1718223187.negated": "false",
                            "predicate.1718223187.type": "ByteMatch"
                        },
                        "meta": {},
                        "tainted": false
                    },
                    "deposed": [],
                    "provider": "provider.aws"
                },
                "aws_wafregional_rule.enforce_csrf": {
                    "type": "aws_wafregional_rule",
                    "depends_on": [
                        "aws_wafregional_byte_match_set.match_csrf_method",
                        "aws_wafregional_size_constraint_set.csrf_token_set"
                    ],
                    "primary": {
                        "id": "fbcf9345-e5ce-4346-807b-2bd6d9b743f7",
                        "attributes": {
                            "id": "fbcf9345-e5ce-4346-807b-2bd6d9b743f7",
                            "metric_name": "managedgenericenforcecsrf",
                            "name": "managed-generic-enforce-csrf",
                            "predicate.#": "2",
                            "predicate.1405653220.data_id": "8b2912cf-bbe9-4d18-a8a1-23055cf4a645",
                            "predicate.1405653220.negated": "true",
                            "predicate.1405653220.type": "SizeConstraint",
                            "predicate.2424187151.data_id": "61985b12-dc31-4831-a2c7-22bae86aea19",
                            "predicate.2424187151.negated": "false",
                            "predicate.2424187151.type": "ByteMatch"
                        },
                        "meta": {},
                        "tainted": false
                    },
                    "deposed": [],
                    "provider": "provider.aws"
                },
                "aws_wafregional_rule.mitigate_sqli": {
                    "type": "aws_wafregional_rule",
                    "depends_on": [
                        "aws_wafregional_sql_injection_match_set.sql_injection_match_set"
                    ],
                    "primary": {
                        "id": "0a9f9eb9-a45b-42cd-9b44-617158a0aca5",
                        "attributes": {
                            "id": "0a9f9eb9-a45b-42cd-9b44-617158a0aca5",
                            "metric_name": "managedgenericmitigatesqli",
                            "name": "managed-generic-mitigate-sqli",
                            "predicate.#": "1",
                            "predicate.1962305311.data_id": "44a55b61-a9c5-4446-a2d3-6e02e79b5504",
                            "predicate.1962305311.negated": "false",
                            "predicate.1962305311.type": "SqlInjectionMatch"
                        },
                        "meta": {},
                        "tainted": false
                    },
                    "deposed": [],
                    "provider": "provider.aws"
                },
                "aws_wafregional_rule.mitigate_xss": {
                    "type": "aws_wafregional_rule",
                    "depends_on": [
                        "aws_wafregional_xss_match_set.xss_match_set"
                    ],
                    "primary": {
                        "id": "9d3a9baa-384f-4a85-80eb-5a13386af1c0",
                        "attributes": {
                            "id": "9d3a9baa-384f-4a85-80eb-5a13386af1c0",
                            "metric_name": "managedgenericmitigatexss",
                            "name": "managed-generic-mitigate-xss",
                            "predicate.#": "1",
                            "predicate.1920237259.data_id": "1dc944ca-37ae-449c-887e-153bcf7dddd8",
                            "predicate.1920237259.negated": "false",
                            "predicate.1920237259.type": "XssMatch"
                        },
                        "meta": {},
                        "tainted": false
                    },
                    "deposed": [],
                    "provider": "provider.aws"
                },
                "aws_wafregional_rule.restrict_sizes": {
                    "type": "aws_wafregional_rule",
                    "depends_on": [
                        "aws_wafregional_size_constraint_set.size_restrictions"
                    ],
                    "primary": {
                        "id": "1b41abf6-07d3-4d42-96d6-6a4537db16af",
                        "attributes": {
                            "id": "1b41abf6-07d3-4d42-96d6-6a4537db16af",
                            "metric_name": "managedgenericrestrictsizes",
                            "name": "managed-generic-restrict-sizes",
                            "predicate.#": "1",
                            "predicate.3286030687.data_id": "cf389ee6-ff1c-4bd6-b09d-3c22b2d66593",
                            "predicate.3286030687.negated": "false",
                            "predicate.3286030687.type": "SizeConstraint"
                        },
                        "meta": {},
                        "tainted": false
                    },
                    "deposed": [],
                    "provider": "provider.aws"
                },
                "aws_wafregional_size_constraint_set.csrf_token_set": {
                    "type": "aws_wafregional_size_constraint_set",
                    "depends_on": [],
                    "primary": {
                        "id": "8b2912cf-bbe9-4d18-a8a1-23055cf4a645",
                        "attributes": {
                            "id": "8b2912cf-bbe9-4d18-a8a1-23055cf4a645",
                            "name": "managed-generic-match-csrf-token",
                            "size_constraints.#": "1",
                            "size_constraints.3464377778.comparison_operator": "EQ",
                            "size_constraints.3464377778.field_to_match.#": "1",
                            "size_constraints.3464377778.field_to_match.1962021401.data": "x-csrf-token",
                            "size_constraints.3464377778.field_to_match.1962021401.type": "HEADER",
                            "size_constraints.3464377778.size": "36",
                            "size_constraints.3464377778.text_transformation": "NONE"
                        },
                        "meta": {},
                        "tainted": false
                    },
                    "deposed": [],
                    "provider": "provider.aws"
                },
                "aws_wafregional_size_constraint_set.size_restrictions": {
                    "type": "aws_wafregional_size_constraint_set",
                    "depends_on": [],
                    "primary": {
                        "id": "cf389ee6-ff1c-4bd6-b09d-3c22b2d66593",
                        "attributes": {
                            "id": "cf389ee6-ff1c-4bd6-b09d-3c22b2d66593",
                            "name": "managed-generic-size-restrictions",
                            "size_constraints.#": "4",
                            "size_constraints.2544105124.comparison_operator": "GT",
                            "size_constraints.2544105124.field_to_match.#": "1",
                            "size_constraints.2544105124.field_to_match.281401076.data": "",
                            "size_constraints.2544105124.field_to_match.281401076.type": "BODY",
                            "size_constraints.2544105124.size": "4096",
                            "size_constraints.2544105124.text_transformation": "NONE",
                            "size_constraints.311103665.comparison_operator": "GT",
                            "size_constraints.311103665.field_to_match.#": "1",
                            "size_constraints.311103665.field_to_match.3756326843.data": "",
                            "size_constraints.311103665.field_to_match.3756326843.type": "URI",
                            "size_constraints.311103665.size": "512",
                            "size_constraints.311103665.text_transformation": "NONE",
                            "size_constraints.471693018.comparison_operator": "GT",
                            "size_constraints.471693018.field_to_match.#": "1",
                            "size_constraints.471693018.field_to_match.2316364334.data": "",
                            "size_constraints.471693018.field_to_match.2316364334.type": "QUERY_STRING",
                            "size_constraints.471693018.size": "1024",
                            "size_constraints.471693018.text_transformation": "NONE",
                            "size_constraints.683332026.comparison_operator": "GT",
                            "size_constraints.683332026.field_to_match.#": "1",
                            "size_constraints.683332026.field_to_match.4211833750.data": "cookie",
                            "size_constraints.683332026.field_to_match.4211833750.type": "HEADER",
                            "size_constraints.683332026.size": "4093",
                            "size_constraints.683332026.text_transformation": "NONE"
                        },
                        "meta": {},
                        "tainted": false
                    },
                    "deposed": [],
                    "provider": "provider.aws"
                },
                "aws_wafregional_sql_injection_match_set.sql_injection_match_set": {
                    "type": "aws_wafregional_sql_injection_match_set",
                    "depends_on": [],
                    "primary": {
                        "id": "44a55b61-a9c5-4446-a2d3-6e02e79b5504",
                        "attributes": {
                            "id": "44a55b61-a9c5-4446-a2d3-6e02e79b5504",
                            "name": "managed-generic-detect-sqli",
                            "sql_injection_match_tuple.#": "8",
                            "sql_injection_match_tuple.122194161.field_to_match.#": "1",
                            "sql_injection_match_tuple.122194161.field_to_match.0.data": "cookie",
                            "sql_injection_match_tuple.122194161.field_to_match.0.type": "HEADER",
                            "sql_injection_match_tuple.122194161.text_transformation": "HTML_ENTITY_DECODE",
                            "sql_injection_match_tuple.1913782288.field_to_match.#": "1",
                            "sql_injection_match_tuple.1913782288.field_to_match.0.data": "",
                            "sql_injection_match_tuple.1913782288.field_to_match.0.type": "QUERY_STRING",
                            "sql_injection_match_tuple.1913782288.text_transformation": "URL_DECODE",
                            "sql_injection_match_tuple.3103723219.field_to_match.#": "1",
                            "sql_injection_match_tuple.3103723219.field_to_match.0.data": "",
                            "sql_injection_match_tuple.3103723219.field_to_match.0.type": "QUERY_STRING",
                            "sql_injection_match_tuple.3103723219.text_transformation": "HTML_ENTITY_DECODE",
                            "sql_injection_match_tuple.3106681513.field_to_match.#": "1",
                            "sql_injection_match_tuple.3106681513.field_to_match.0.data": "",
                            "sql_injection_match_tuple.3106681513.field_to_match.0.type": "URI",
                            "sql_injection_match_tuple.3106681513.text_transformation": "URL_DECODE",
                            "sql_injection_match_tuple.3994011699.field_to_match.#": "1",
                            "sql_injection_match_tuple.3994011699.field_to_match.0.data": "",
                            "sql_injection_match_tuple.3994011699.field_to_match.0.type": "URI",
                            "sql_injection_match_tuple.3994011699.text_transformation": "HTML_ENTITY_DECODE",
                            "sql_injection_match_tuple.4046653862.field_to_match.#": "1",
                            "sql_injection_match_tuple.4046653862.field_to_match.0.data": "cookie",
                            "sql_injection_match_tuple.4046653862.field_to_match.0.type": "HEADER",
                            "sql_injection_match_tuple.4046653862.text_transformation": "URL_DECODE",
                            "sql_injection_match_tuple.517259341.field_to_match.#": "1",
                            "sql_injection_match_tuple.517259341.field_to_match.0.data": "",
                            "sql_injection_match_tuple.517259341.field_to_match.0.type": "BODY",
                            "sql_injection_match_tuple.517259341.text_transformation": "URL_DECODE",
                            "sql_injection_match_tuple.565317802.field_to_match.#": "1",
                            "sql_injection_match_tuple.565317802.field_to_match.0.data": "",
                            "sql_injection_match_tuple.565317802.field_to_match.0.type": "BODY",
                            "sql_injection_match_tuple.565317802.text_transformation": "HTML_ENTITY_DECODE"
                        },
                        "meta": {},
                        "tainted": false
                    },
                    "deposed": [],
                    "provider": "provider.aws"
                },
                "aws_wafregional_web_acl.wafregional_acl": {
                    "type": "aws_wafregional_web_acl",
                    "depends_on": [
                        "aws_wafregional_rule.detect_admin_access",
                        "aws_wafregional_rule.detect_bad_auth_tokens",
                        "aws_wafregional_rule.detect_blacklisted_ips",
                        "aws_wafregional_rule.detect_php_insecure",
                        "aws_wafregional_rule.detect_rfi_lfi_traversal",
                        "aws_wafregional_rule.detect_ssi",
                        "aws_wafregional_rule.enforce_csrf",
                        "aws_wafregional_rule.mitigate_sqli",
                        "aws_wafregional_rule.mitigate_xss",
                        "aws_wafregional_rule.restrict_sizes"
                    ],
                    "primary": {
                        "id": "6c04aed7-a803-48f5-9280-ac59fcc790f8",
                        "attributes": {
                            "arn": "arn:aws:waf-regional:us-west-1:315800796174:webacl/6c04aed7-a803-48f5-9280-ac59fcc790f8",
                            "default_action.#": "1",
                            "default_action.0.type": "ALLOW",
                            "id": "6c04aed7-a803-48f5-9280-ac59fcc790f8",
                            "logging_configuration.#": "0",
                            "metric_name": "managedgenericowaspacl",
                            "name": "managed-generic-owasp-acl",
                            "rule.#": "10",
                            "rule.1314159630.action.#": "1",
                            "rule.1314159630.action.0.type": "BLOCK",
                            "rule.1314159630.override_action.#": "0",
                            "rule.1314159630.priority": "6",
                            "rule.1314159630.rule_id": "f5c31596-885f-4343-8835-827c8d33c44c",
                            "rule.1314159630.type": "REGULAR",
                            "rule.1413997937.action.#": "1",
                            "rule.1413997937.action.0.type": "BLOCK",
                            "rule.1413997937.override_action.#": "0",
                            "rule.1413997937.priority": "10",
                            "rule.1413997937.rule_id": "a21c519a-224d-4547-a61b-e7990cf0bc4e",
                            "rule.1413997937.type": "REGULAR",
                            "rule.1457511762.action.#": "1",
                            "rule.1457511762.action.0.type": "BLOCK",
                            "rule.1457511762.override_action.#": "0",
                            "rule.1457511762.priority": "3",
                            "rule.1457511762.rule_id": "34a47b93-cf5e-47ff-aa09-55f84bb27bbf",
                            "rule.1457511762.type": "REGULAR",
                            "rule.1881005229.action.#": "1",
                            "rule.1881005229.action.0.type": "BLOCK",
                            "rule.1881005229.override_action.#": "0",
                            "rule.1881005229.priority": "1",
                            "rule.1881005229.rule_id": "1b41abf6-07d3-4d42-96d6-6a4537db16af",
                            "rule.1881005229.type": "REGULAR",
                            "rule.2087635865.action.#": "1",
                            "rule.2087635865.action.0.type": "BLOCK",
                            "rule.2087635865.override_action.#": "0",
                            "rule.2087635865.priority": "4",
                            "rule.2087635865.rule_id": "0a9f9eb9-a45b-42cd-9b44-617158a0aca5",
                            "rule.2087635865.type": "REGULAR",
                            "rule.2270180519.action.#": "1",
                            "rule.2270180519.action.0.type": "BLOCK",
                            "rule.2270180519.override_action.#": "0",
                            "rule.2270180519.priority": "2",
                            "rule.2270180519.rule_id": "61430716-8889-4d31-a725-5c1b9e65811f",
                            "rule.2270180519.type": "REGULAR",
                            "rule.3027021473.action.#": "1",
                            "rule.3027021473.action.0.type": "ALLOW",
                            "rule.3027021473.override_action.#": "0",
                            "rule.3027021473.priority": "8",
                            "rule.3027021473.rule_id": "fbcf9345-e5ce-4346-807b-2bd6d9b743f7",
                            "rule.3027021473.type": "REGULAR",
                            "rule.3500376388.action.#": "1",
                            "rule.3500376388.action.0.type": "BLOCK",
                            "rule.3500376388.override_action.#": "0",
                            "rule.3500376388.priority": "5",
                            "rule.3500376388.rule_id": "9d3a9baa-384f-4a85-80eb-5a13386af1c0",
                            "rule.3500376388.type": "REGULAR",
                            "rule.564595053.action.#": "1",
                            "rule.564595053.action.0.type": "BLOCK",
                            "rule.564595053.override_action.#": "0",
                            "rule.564595053.priority": "7",
                            "rule.564595053.rule_id": "a8e8a705-1293-4ce7-8b29-d7a1d3be47af",
                            "rule.564595053.type": "REGULAR",
                            "rule.702427429.action.#": "1",
                            "rule.702427429.action.0.type": "BLOCK",
                            "rule.702427429.override_action.#": "0",
                            "rule.702427429.priority": "9",
                            "rule.702427429.rule_id": "383392b8-ca0e-4c93-bf3b-04c042dde5b4",
                            "rule.702427429.type": "REGULAR"
                        },
                        "meta": {},
                        "tainted": false
                    },
                    "deposed": [],
                    "provider": "provider.aws"
                },
                "aws_wafregional_web_acl_association.ext-alb": {
                    "type": "aws_wafregional_web_acl_association",
                    "depends_on": [
                        "aws_wafregional_web_acl.wafregional_acl",
                        "data.aws_alb.ext-alb"
                    ],
                    "primary": {
                        "id": "6c04aed7-a803-48f5-9280-ac59fcc790f8:arn:aws:elasticloadbalancing:us-west-1:315800796174:loadbalancer/app/ext-alb/b2f102baf5767887",
                        "attributes": {
                            "id": "6c04aed7-a803-48f5-9280-ac59fcc790f8:arn:aws:elasticloadbalancing:us-west-1:315800796174:loadbalancer/app/ext-alb/b2f102baf5767887",
                            "resource_arn": "arn:aws:elasticloadbalancing:us-west-1:315800796174:loadbalancer/app/ext-alb/b2f102baf5767887",
                            "web_acl_id": "6c04aed7-a803-48f5-9280-ac59fcc790f8"
                        },
                        "meta": {},
                        "tainted": false
                    },
                    "deposed": [],
                    "provider": "provider.aws"
                },
                "aws_wafregional_xss_match_set.xss_match_set": {
                    "type": "aws_wafregional_xss_match_set",
                    "depends_on": [],
                    "primary": {
                        "id": "1dc944ca-37ae-449c-887e-153bcf7dddd8",
                        "attributes": {
                            "id": "1dc944ca-37ae-449c-887e-153bcf7dddd8",
                            "name": "managed-generic-detect-xss",
                            "xss_match_tuple.#": "8",
                            "xss_match_tuple.1998253716.field_to_match.#": "1",
                            "xss_match_tuple.1998253716.field_to_match.4211833750.data": "cookie",
                            "xss_match_tuple.1998253716.field_to_match.4211833750.type": "HEADER",
                            "xss_match_tuple.1998253716.text_transformation": "HTML_ENTITY_DECODE",
                            "xss_match_tuple.2049707526.field_to_match.#": "1",
                            "xss_match_tuple.2049707526.field_to_match.4211833750.data": "cookie",
                            "xss_match_tuple.2049707526.field_to_match.4211833750.type": "HEADER",
                            "xss_match_tuple.2049707526.text_transformation": "URL_DECODE",
                            "xss_match_tuple.218483100.field_to_match.#": "1",
                            "xss_match_tuple.218483100.field_to_match.3756326843.data": "",
                            "xss_match_tuple.218483100.field_to_match.3756326843.type": "URI",
                            "xss_match_tuple.218483100.text_transformation": "URL_DECODE",
                            "xss_match_tuple.2226285860.field_to_match.#": "1",
                            "xss_match_tuple.2226285860.field_to_match.281401076.data": "",
                            "xss_match_tuple.2226285860.field_to_match.281401076.type": "BODY",
                            "xss_match_tuple.2226285860.text_transformation": "URL_DECODE",
                            "xss_match_tuple.2793358536.field_to_match.#": "1",
                            "xss_match_tuple.2793358536.field_to_match.281401076.data": "",
                            "xss_match_tuple.2793358536.field_to_match.281401076.type": "BODY",
                            "xss_match_tuple.2793358536.text_transformation": "HTML_ENTITY_DECODE",
                            "xss_match_tuple.2880540553.field_to_match.#": "1",
                            "xss_match_tuple.2880540553.field_to_match.3756326843.data": "",
                            "xss_match_tuple.2880540553.field_to_match.3756326843.type": "URI",
                            "xss_match_tuple.2880540553.text_transformation": "HTML_ENTITY_DECODE",
                            "xss_match_tuple.3367958210.field_to_match.#": "1",
                            "xss_match_tuple.3367958210.field_to_match.2316364334.data": "",
                            "xss_match_tuple.3367958210.field_to_match.2316364334.type": "QUERY_STRING",
                            "xss_match_tuple.3367958210.text_transformation": "URL_DECODE",
                            "xss_match_tuple.3838722011.field_to_match.#": "1",
                            "xss_match_tuple.3838722011.field_to_match.2316364334.data": "",
                            "xss_match_tuple.3838722011.field_to_match.2316364334.type": "QUERY_STRING",
                            "xss_match_tuple.3838722011.text_transformation": "HTML_ENTITY_DECODE"
                        },
                        "meta": {},
                        "tainted": false
                    },
                    "deposed": [],
                    "provider": "provider.aws"
                },
                "data.aws_alb.ext-alb": {
                    "type": "aws_alb",
                    "depends_on": [],
                    "primary": {
                        "id": "arn:aws:elasticloadbalancing:us-west-1:315800796174:loadbalancer/app/ext-alb/b2f102baf5767887",
                        "attributes": {
                            "access_logs.#": "0",
                            "arn": "arn:aws:elasticloadbalancing:us-west-1:315800796174:loadbalancer/app/ext-alb/b2f102baf5767887",
                            "arn_suffix": "app/ext-alb/b2f102baf5767887",
                            "dns_name": "ext-alb-18081443.us-west-1.elb.amazonaws.com",
                            "enable_deletion_protection": "false",
                            "id": "arn:aws:elasticloadbalancing:us-west-1:315800796174:loadbalancer/app/ext-alb/b2f102baf5767887",
                            "idle_timeout": "60",
                            "internal": "false",
                            "load_balancer_type": "application",
                            "name": "ext-alb",
                            "security_groups.#": "1",
                            "security_groups.1033960063": "sg-0249862690a26b219",
                            "subnet_mapping.#": "0",
                            "subnets.#": "2",
                            "subnets.2411175361": "subnet-0367f4afa1d8db965",
                            "subnets.615374815": "subnet-0c002e961bd9444ed",
                            "tags.%": "0",
                            "vpc_id": "vpc-0b13f3905620a591a",
                            "zone_id": "Z368ELLRRE2KJ0"
                        },
                        "meta": {},
                        "tainted": false
                    },
                    "deposed": [],
                    "provider": "provider.aws"
                }
            },
            "depends_on": []
        }
    ]
}
