{
    "version": 3,
    "terraform_version": "0.11.7",
    "serial": 5,
    "lineage": "2b1c0a4a-7495-7f41-68ba-377cd96963de",
    "modules": [
        {
            "path": [
                "root"
            ],
            "outputs": {
                "web_acl_id": {
                    "sensitive": false,
                    "type": "string",
                    "value": "c3d29c58-462f-4b84-9196-b3aab9cd72a7"
                }
            },
            "resources": {
                "aws_wafregional_byte_match_set.match_admin_url": {
                    "type": "aws_wafregional_byte_match_set",
                    "depends_on": [],
                    "primary": {
                        "id": "c9fe6f70-3330-4db9-b710-b69505231333",
                        "attributes": {
                            "byte_match_tuples.#": "1",
                            "byte_match_tuples.3023220010.field_to_match.#": "1",
                            "byte_match_tuples.3023220010.field_to_match.0.data": "",
                            "byte_match_tuples.3023220010.field_to_match.0.type": "URI",
                            "byte_match_tuples.3023220010.positional_constraint": "STARTS_WITH",
                            "byte_match_tuples.3023220010.target_string": "/admin",
                            "byte_match_tuples.3023220010.text_transformation": "URL_DECODE",
                            "id": "c9fe6f70-3330-4db9-b710-b69505231333",
                            "name": "managed-generic-match-admin-url"
                        },
                        "meta": {},
                        "tainted": false
                    },
                    "deposed": [],
                    "provider": "provider.aws"
                },
                "aws_wafregional_byte_match_set.match_auth_tokens": {
                    "type": "aws_wafregional_byte_match_set",
                    "depends_on": [],
                    "primary": {
                        "id": "44038355-288c-419e-bb45-1dbb7cc6d852",
                        "attributes": {
                            "byte_match_tuples.#": "2",
                            "byte_match_tuples.1763751031.field_to_match.#": "1",
                            "byte_match_tuples.1763751031.field_to_match.0.data": "cookie",
                            "byte_match_tuples.1763751031.field_to_match.0.type": "HEADER",
                            "byte_match_tuples.1763751031.positional_constraint": "CONTAINS",
                            "byte_match_tuples.1763751031.target_string": "example-session-id",
                            "byte_match_tuples.1763751031.text_transformation": "URL_DECODE",
                            "byte_match_tuples.34349563.field_to_match.#": "1",
                            "byte_match_tuples.34349563.field_to_match.0.data": "authorization",
                            "byte_match_tuples.34349563.field_to_match.0.type": "HEADER",
                            "byte_match_tuples.34349563.positional_constraint": "ENDS_WITH",
                            "byte_match_tuples.34349563.target_string": ".TJVA95OrM7E2cBab30RMHrHDcEfxjoYZgeFONFh7HgQ",
                            "byte_match_tuples.34349563.text_transformation": "URL_DECODE",
                            "id": "44038355-288c-419e-bb45-1dbb7cc6d852",
                            "name": "managed-generic-match-auth-tokens"
                        },
                        "meta": {},
                        "tainted": false
                    },
                    "deposed": [],
                    "provider": "provider.aws"
                },
                "aws_wafregional_byte_match_set.match_csrf_method": {
                    "type": "aws_wafregional_byte_match_set",
                    "depends_on": [],
                    "primary": {
                        "id": "b4e6d2d3-57da-44c4-adb1-723a47d1d516",
                        "attributes": {
                            "byte_match_tuples.#": "1",
                            "byte_match_tuples.3933249135.field_to_match.#": "1",
                            "byte_match_tuples.3933249135.field_to_match.0.data": "",
                            "byte_match_tuples.3933249135.field_to_match.0.type": "METHOD",
                            "byte_match_tuples.3933249135.positional_constraint": "EXACTLY",
                            "byte_match_tuples.3933249135.target_string": "post",
                            "byte_match_tuples.3933249135.text_transformation": "LOWERCASE",
                            "id": "b4e6d2d3-57da-44c4-adb1-723a47d1d516",
                            "name": "managed-generic-match-csrf-method"
                        },
                        "meta": {},
                        "tainted": false
                    },
                    "deposed": [],
                    "provider": "provider.aws"
                },
                "aws_wafregional_byte_match_set.match_php_insecure_uri": {
                    "type": "aws_wafregional_byte_match_set",
                    "depends_on": [],
                    "primary": {
                        "id": "9dd3c9af-17e2-412b-9269-4f579b5303e5",
                        "attributes": {
                            "byte_match_tuples.#": "2",
                            "byte_match_tuples.1340196850.field_to_match.#": "1",
                            "byte_match_tuples.1340196850.field_to_match.0.data": "",
                            "byte_match_tuples.1340196850.field_to_match.0.type": "URI",
                            "byte_match_tuples.1340196850.positional_constraint": "ENDS_WITH",
                            "byte_match_tuples.1340196850.target_string": "/",
                            "byte_match_tuples.1340196850.text_transformation": "URL_DECODE",
                            "byte_match_tuples.1708255575.field_to_match.#": "1",
                            "byte_match_tuples.1708255575.field_to_match.0.data": "",
                            "byte_match_tuples.1708255575.field_to_match.0.type": "URI",
                            "byte_match_tuples.1708255575.positional_constraint": "ENDS_WITH",
                            "byte_match_tuples.1708255575.target_string": "php",
                            "byte_match_tuples.1708255575.text_transformation": "URL_DECODE",
                            "id": "9dd3c9af-17e2-412b-9269-4f579b5303e5",
                            "name": "managed-generic-match-php-insecure-uri"
                        },
                        "meta": {},
                        "tainted": false
                    },
                    "deposed": [],
                    "provider": "provider.aws"
                },
                "aws_wafregional_byte_match_set.match_php_insecure_var_refs": {
                    "type": "aws_wafregional_byte_match_set",
                    "depends_on": [],
                    "primary": {
                        "id": "00c94e01-39e1-4a22-ba53-747c7868ad76",
                        "attributes": {
                            "byte_match_tuples.#": "8",
                            "byte_match_tuples.1024827581.field_to_match.#": "1",
                            "byte_match_tuples.1024827581.field_to_match.0.data": "",
                            "byte_match_tuples.1024827581.field_to_match.0.type": "QUERY_STRING",
                            "byte_match_tuples.1024827581.positional_constraint": "CONTAINS",
                            "byte_match_tuples.1024827581.target_string": "_ENV[",
                            "byte_match_tuples.1024827581.text_transformation": "URL_DECODE",
                            "byte_match_tuples.1298448851.field_to_match.#": "1",
                            "byte_match_tuples.1298448851.field_to_match.0.data": "",
                            "byte_match_tuples.1298448851.field_to_match.0.type": "QUERY_STRING",
                            "byte_match_tuples.1298448851.positional_constraint": "CONTAINS",
                            "byte_match_tuples.1298448851.target_string": "auto_prepend_file=",
                            "byte_match_tuples.1298448851.text_transformation": "URL_DECODE",
                            "byte_match_tuples.1432630407.field_to_match.#": "1",
                            "byte_match_tuples.1432630407.field_to_match.0.data": "",
                            "byte_match_tuples.1432630407.field_to_match.0.type": "QUERY_STRING",
                            "byte_match_tuples.1432630407.positional_constraint": "CONTAINS",
                            "byte_match_tuples.1432630407.target_string": "_SERVER[",
                            "byte_match_tuples.1432630407.text_transformation": "URL_DECODE",
                            "byte_match_tuples.2575409340.field_to_match.#": "1",
                            "byte_match_tuples.2575409340.field_to_match.0.data": "",
                            "byte_match_tuples.2575409340.field_to_match.0.type": "QUERY_STRING",
                            "byte_match_tuples.2575409340.positional_constraint": "CONTAINS",
                            "byte_match_tuples.2575409340.target_string": "auto_append_file=",
                            "byte_match_tuples.2575409340.text_transformation": "URL_DECODE",
                            "byte_match_tuples.3159339951.field_to_match.#": "1",
                            "byte_match_tuples.3159339951.field_to_match.0.data": "",
                            "byte_match_tuples.3159339951.field_to_match.0.type": "QUERY_STRING",
                            "byte_match_tuples.3159339951.positional_constraint": "CONTAINS",
                            "byte_match_tuples.3159339951.target_string": "disable_functions=",
                            "byte_match_tuples.3159339951.text_transformation": "URL_DECODE",
                            "byte_match_tuples.3287184741.field_to_match.#": "1",
                            "byte_match_tuples.3287184741.field_to_match.0.data": "",
                            "byte_match_tuples.3287184741.field_to_match.0.type": "QUERY_STRING",
                            "byte_match_tuples.3287184741.positional_constraint": "CONTAINS",
                            "byte_match_tuples.3287184741.target_string": "open_basedir=",
                            "byte_match_tuples.3287184741.text_transformation": "URL_DECODE",
                            "byte_match_tuples.404422743.field_to_match.#": "1",
                            "byte_match_tuples.404422743.field_to_match.0.data": "",
                            "byte_match_tuples.404422743.field_to_match.0.type": "QUERY_STRING",
                            "byte_match_tuples.404422743.positional_constraint": "CONTAINS",
                            "byte_match_tuples.404422743.target_string": "allow_url_include=",
                            "byte_match_tuples.404422743.text_transformation": "URL_DECODE",
                            "byte_match_tuples.711385692.field_to_match.#": "1",
                            "byte_match_tuples.711385692.field_to_match.0.data": "",
                            "byte_match_tuples.711385692.field_to_match.0.type": "QUERY_STRING",
                            "byte_match_tuples.711385692.positional_constraint": "CONTAINS",
                            "byte_match_tuples.711385692.target_string": "safe_mode=",
                            "byte_match_tuples.711385692.text_transformation": "URL_DECODE",
                            "id": "00c94e01-39e1-4a22-ba53-747c7868ad76",
                            "name": "managed-generic-match-php-insecure-var-refs"
                        },
                        "meta": {},
                        "tainted": false
                    },
                    "deposed": [],
                    "provider": "provider.aws"
                },
                "aws_wafregional_byte_match_set.match_rfi_lfi_traversal": {
                    "type": "aws_wafregional_byte_match_set",
                    "depends_on": [],
                    "primary": {
                        "id": "8732445a-38f3-41b3-8105-69228f1a59fa",
                        "attributes": {
                            "byte_match_tuples.#": "8",
                            "byte_match_tuples.1140272538.field_to_match.#": "1",
                            "byte_match_tuples.1140272538.field_to_match.0.data": "",
                            "byte_match_tuples.1140272538.field_to_match.0.type": "QUERY_STRING",
                            "byte_match_tuples.1140272538.positional_constraint": "CONTAINS",
                            "byte_match_tuples.1140272538.target_string": "://",
                            "byte_match_tuples.1140272538.text_transformation": "HTML_ENTITY_DECODE",
                            "byte_match_tuples.1373801180.field_to_match.#": "1",
                            "byte_match_tuples.1373801180.field_to_match.0.data": "",
                            "byte_match_tuples.1373801180.field_to_match.0.type": "URI",
                            "byte_match_tuples.1373801180.positional_constraint": "CONTAINS",
                            "byte_match_tuples.1373801180.target_string": "../",
                            "byte_match_tuples.1373801180.text_transformation": "URL_DECODE",
                            "byte_match_tuples.23931760.field_to_match.#": "1",
                            "byte_match_tuples.23931760.field_to_match.0.data": "",
                            "byte_match_tuples.23931760.field_to_match.0.type": "URI",
                            "byte_match_tuples.23931760.positional_constraint": "CONTAINS",
                            "byte_match_tuples.23931760.target_string": "../",
                            "byte_match_tuples.23931760.text_transformation": "HTML_ENTITY_DECODE",
                            "byte_match_tuples.2414415599.field_to_match.#": "1",
                            "byte_match_tuples.2414415599.field_to_match.0.data": "",
                            "byte_match_tuples.2414415599.field_to_match.0.type": "QUERY_STRING",
                            "byte_match_tuples.2414415599.positional_constraint": "CONTAINS",
                            "byte_match_tuples.2414415599.target_string": "../",
                            "byte_match_tuples.2414415599.text_transformation": "HTML_ENTITY_DECODE",
                            "byte_match_tuples.2986396675.field_to_match.#": "1",
                            "byte_match_tuples.2986396675.field_to_match.0.data": "",
                            "byte_match_tuples.2986396675.field_to_match.0.type": "URI",
                            "byte_match_tuples.2986396675.positional_constraint": "CONTAINS",
                            "byte_match_tuples.2986396675.target_string": "://",
                            "byte_match_tuples.2986396675.text_transformation": "URL_DECODE",
                            "byte_match_tuples.3346484590.field_to_match.#": "1",
                            "byte_match_tuples.3346484590.field_to_match.0.data": "",
                            "byte_match_tuples.3346484590.field_to_match.0.type": "QUERY_STRING",
                            "byte_match_tuples.3346484590.positional_constraint": "CONTAINS",
                            "byte_match_tuples.3346484590.target_string": "../",
                            "byte_match_tuples.3346484590.text_transformation": "URL_DECODE",
                            "byte_match_tuples.3446867973.field_to_match.#": "1",
                            "byte_match_tuples.3446867973.field_to_match.0.data": "",
                            "byte_match_tuples.3446867973.field_to_match.0.type": "URI",
                            "byte_match_tuples.3446867973.positional_constraint": "CONTAINS",
                            "byte_match_tuples.3446867973.target_string": "://",
                            "byte_match_tuples.3446867973.text_transformation": "HTML_ENTITY_DECODE",
                            "byte_match_tuples.613747633.field_to_match.#": "1",
                            "byte_match_tuples.613747633.field_to_match.0.data": "",
                            "byte_match_tuples.613747633.field_to_match.0.type": "QUERY_STRING",
                            "byte_match_tuples.613747633.positional_constraint": "CONTAINS",
                            "byte_match_tuples.613747633.target_string": "://",
                            "byte_match_tuples.613747633.text_transformation": "URL_DECODE",
                            "id": "8732445a-38f3-41b3-8105-69228f1a59fa",
                            "name": "managed-generic-match-rfi-lfi-traversal"
                        },
                        "meta": {},
                        "tainted": false
                    },
                    "deposed": [],
                    "provider": "provider.aws"
                },
                "aws_wafregional_byte_match_set.match_ssi": {
                    "type": "aws_wafregional_byte_match_set",
                    "depends_on": [],
                    "primary": {
                        "id": "75ba6b2c-111d-43f9-93ff-9902c90705e1",
                        "attributes": {
                            "byte_match_tuples.#": "8",
                            "byte_match_tuples.1312901285.field_to_match.#": "1",
                            "byte_match_tuples.1312901285.field_to_match.0.data": "",
                            "byte_match_tuples.1312901285.field_to_match.0.type": "URI",
                            "byte_match_tuples.1312901285.positional_constraint": "ENDS_WITH",
                            "byte_match_tuples.1312901285.target_string": ".bak",
                            "byte_match_tuples.1312901285.text_transformation": "LOWERCASE",
                            "byte_match_tuples.140069403.field_to_match.#": "1",
                            "byte_match_tuples.140069403.field_to_match.0.data": "",
                            "byte_match_tuples.140069403.field_to_match.0.type": "URI",
                            "byte_match_tuples.140069403.positional_constraint": "ENDS_WITH",
                            "byte_match_tuples.140069403.target_string": ".ini",
                            "byte_match_tuples.140069403.text_transformation": "LOWERCASE",
                            "byte_match_tuples.2021705012.field_to_match.#": "1",
                            "byte_match_tuples.2021705012.field_to_match.0.data": "",
                            "byte_match_tuples.2021705012.field_to_match.0.type": "URI",
                            "byte_match_tuples.2021705012.positional_constraint": "ENDS_WITH",
                            "byte_match_tuples.2021705012.target_string": ".cfg",
                            "byte_match_tuples.2021705012.text_transformation": "LOWERCASE",
                            "byte_match_tuples.2417876238.field_to_match.#": "1",
                            "byte_match_tuples.2417876238.field_to_match.0.data": "",
                            "byte_match_tuples.2417876238.field_to_match.0.type": "URI",
                            "byte_match_tuples.2417876238.positional_constraint": "ENDS_WITH",
                            "byte_match_tuples.2417876238.target_string": ".config",
                            "byte_match_tuples.2417876238.text_transformation": "LOWERCASE",
                            "byte_match_tuples.2785824360.field_to_match.#": "1",
                            "byte_match_tuples.2785824360.field_to_match.0.data": "",
                            "byte_match_tuples.2785824360.field_to_match.0.type": "URI",
                            "byte_match_tuples.2785824360.positional_constraint": "ENDS_WITH",
                            "byte_match_tuples.2785824360.target_string": ".backup",
                            "byte_match_tuples.2785824360.text_transformation": "LOWERCASE",
                            "byte_match_tuples.3080912905.field_to_match.#": "1",
                            "byte_match_tuples.3080912905.field_to_match.0.data": "",
                            "byte_match_tuples.3080912905.field_to_match.0.type": "URI",
                            "byte_match_tuples.3080912905.positional_constraint": "STARTS_WITH",
                            "byte_match_tuples.3080912905.target_string": "/includes",
                            "byte_match_tuples.3080912905.text_transformation": "URL_DECODE",
                            "byte_match_tuples.3110784806.field_to_match.#": "1",
                            "byte_match_tuples.3110784806.field_to_match.0.data": "",
                            "byte_match_tuples.3110784806.field_to_match.0.type": "URI",
                            "byte_match_tuples.3110784806.positional_constraint": "ENDS_WITH",
                            "byte_match_tuples.3110784806.target_string": ".conf",
                            "byte_match_tuples.3110784806.text_transformation": "LOWERCASE",
                            "byte_match_tuples.578546797.field_to_match.#": "1",
                            "byte_match_tuples.578546797.field_to_match.0.data": "",
                            "byte_match_tuples.578546797.field_to_match.0.type": "URI",
                            "byte_match_tuples.578546797.positional_constraint": "ENDS_WITH",
                            "byte_match_tuples.578546797.target_string": ".log",
                            "byte_match_tuples.578546797.text_transformation": "LOWERCASE",
                            "id": "75ba6b2c-111d-43f9-93ff-9902c90705e1",
                            "name": "managed-generic-match-ssi"
                        },
                        "meta": {},
                        "tainted": false
                    },
                    "deposed": [],
                    "provider": "provider.aws"
                },
                "aws_wafregional_ipset.admin_remote_ipset": {
                    "type": "aws_wafregional_ipset",
                    "depends_on": [],
                    "primary": {
                        "id": "570b6a3f-89cb-4de6-b3e4-df62c6998fd7",
                        "attributes": {
                            "arn": "arn:aws:waf-regional:us-west-2:315800796174:ipset/570b6a3f-89cb-4de6-b3e4-df62c6998fd7",
                            "id": "570b6a3f-89cb-4de6-b3e4-df62c6998fd7",
                            "ip_set_descriptor.#": "1",
                            "ip_set_descriptor.1597288803.type": "IPV4",
                            "ip_set_descriptor.1597288803.value": "127.0.0.1/32",
                            "name": "managed-generic-match-admin-remote-ip"
                        },
                        "meta": {},
                        "tainted": false
                    },
                    "deposed": [],
                    "provider": "provider.aws"
                },
                "aws_wafregional_ipset.blacklisted_ips": {
                    "type": "aws_wafregional_ipset",
                    "depends_on": [],
                    "primary": {
                        "id": "33b15170-189d-40d9-8173-507980ac907b",
                        "attributes": {
                            "arn": "arn:aws:waf-regional:us-west-2:315800796174:ipset/33b15170-189d-40d9-8173-507980ac907b",
                            "id": "33b15170-189d-40d9-8173-507980ac907b",
                            "ip_set_descriptor.#": "5",
                            "ip_set_descriptor.1597288803.type": "IPV4",
                            "ip_set_descriptor.1597288803.value": "127.0.0.1/32",
                            "ip_set_descriptor.305074827.type": "IPV4",
                            "ip_set_descriptor.305074827.value": "192.168.0.0/16",
                            "ip_set_descriptor.594183956.type": "IPV4",
                            "ip_set_descriptor.594183956.value": "10.0.0.0/8",
                            "ip_set_descriptor.695996682.type": "IPV4",
                            "ip_set_descriptor.695996682.value": "172.16.0.0/16",
                            "ip_set_descriptor.932394952.type": "IPV4",
                            "ip_set_descriptor.932394952.value": "169.254.0.0/16",
                            "name": "managed-generic-match-blacklisted-ips"
                        },
                        "meta": {},
                        "tainted": false
                    },
                    "deposed": [],
                    "provider": "provider.aws"
                },
                "aws_wafregional_rule.detect_admin_access": {
                    "type": "aws_wafregional_rule",
                    "depends_on": [
                        "aws_wafregional_byte_match_set.match_admin_url",
                        "aws_wafregional_ipset.admin_remote_ipset"
                    ],
                    "primary": {
                        "id": "2f5a55bc-a4e5-4fb7-9430-5d69dc6fa846",
                        "attributes": {
                            "id": "2f5a55bc-a4e5-4fb7-9430-5d69dc6fa846",
                            "metric_name": "managedgenericdetectadminaccess",
                            "name": "managed-generic-detect-admin-access",
                            "predicate.#": "2",
                            "predicate.2660527154.data_id": "c9fe6f70-3330-4db9-b710-b69505231333",
                            "predicate.2660527154.negated": "false",
                            "predicate.2660527154.type": "ByteMatch",
                            "predicate.3471258228.data_id": "570b6a3f-89cb-4de6-b3e4-df62c6998fd7",
                            "predicate.3471258228.negated": "true",
                            "predicate.3471258228.type": "IPMatch"
                        },
                        "meta": {},
                        "tainted": false
                    },
                    "deposed": [],
                    "provider": "provider.aws"
                },
                "aws_wafregional_rule.detect_bad_auth_tokens": {
                    "type": "aws_wafregional_rule",
                    "depends_on": [
                        "aws_wafregional_byte_match_set.match_auth_tokens"
                    ],
                    "primary": {
                        "id": "c4746334-8378-4e2d-bee4-dd6081b5200d",
                        "attributes": {
                            "id": "c4746334-8378-4e2d-bee4-dd6081b5200d",
                            "metric_name": "managedgenericdetectbadauthtokens",
                            "name": "managed-generic-detect-bad-auth-tokens",
                            "predicate.#": "1",
                            "predicate.3278153702.data_id": "44038355-288c-419e-bb45-1dbb7cc6d852",
                            "predicate.3278153702.negated": "false",
                            "predicate.3278153702.type": "ByteMatch"
                        },
                        "meta": {},
                        "tainted": false
                    },
                    "deposed": [],
                    "provider": "provider.aws"
                },
                "aws_wafregional_rule.detect_blacklisted_ips": {
                    "type": "aws_wafregional_rule",
                    "depends_on": [
                        "aws_wafregional_ipset.blacklisted_ips"
                    ],
                    "primary": {
                        "id": "e66723fa-3f17-4d7b-bc12-6ca4dd0589b4",
                        "attributes": {
                            "id": "e66723fa-3f17-4d7b-bc12-6ca4dd0589b4",
                            "metric_name": "managedgenericdetectblacklistedips",
                            "name": "managed-generic-detect-blacklisted-ips",
                            "predicate.#": "1",
                            "predicate.808699994.data_id": "33b15170-189d-40d9-8173-507980ac907b",
                            "predicate.808699994.negated": "false",
                            "predicate.808699994.type": "IPMatch"
                        },
                        "meta": {},
                        "tainted": false
                    },
                    "deposed": [],
                    "provider": "provider.aws"
                },
                "aws_wafregional_rule.detect_php_insecure": {
                    "type": "aws_wafregional_rule",
                    "depends_on": [
                        "aws_wafregional_byte_match_set.match_php_insecure_uri",
                        "aws_wafregional_byte_match_set.match_php_insecure_var_refs"
                    ],
                    "primary": {
                        "id": "93748323-ef7e-4c2c-8b9f-8ab81c01a3f8",
                        "attributes": {
                            "id": "93748323-ef7e-4c2c-8b9f-8ab81c01a3f8",
                            "metric_name": "managedgenericdetectphpinsecure",
                            "name": "managed-generic-detect-php-insecure",
                            "predicate.#": "2",
                            "predicate.1080759006.data_id": "9dd3c9af-17e2-412b-9269-4f579b5303e5",
                            "predicate.1080759006.negated": "false",
                            "predicate.1080759006.type": "ByteMatch",
                            "predicate.1123258776.data_id": "00c94e01-39e1-4a22-ba53-747c7868ad76",
                            "predicate.1123258776.negated": "false",
                            "predicate.1123258776.type": "ByteMatch"
                        },
                        "meta": {},
                        "tainted": false
                    },
                    "deposed": [],
                    "provider": "provider.aws"
                },
                "aws_wafregional_rule.detect_rfi_lfi_traversal": {
                    "type": "aws_wafregional_rule",
                    "depends_on": [
                        "aws_wafregional_byte_match_set.match_rfi_lfi_traversal"
                    ],
                    "primary": {
                        "id": "1cd535ee-32c9-4bd9-a6a4-1270e667a45b",
                        "attributes": {
                            "id": "1cd535ee-32c9-4bd9-a6a4-1270e667a45b",
                            "metric_name": "managedgenericdetectrfilfitraversal",
                            "name": "managed-generic-detect-rfi-lfi-traversal",
                            "predicate.#": "1",
                            "predicate.2558058506.data_id": "8732445a-38f3-41b3-8105-69228f1a59fa",
                            "predicate.2558058506.negated": "false",
                            "predicate.2558058506.type": "ByteMatch"
                        },
                        "meta": {},
                        "tainted": false
                    },
                    "deposed": [],
                    "provider": "provider.aws"
                },
                "aws_wafregional_rule.detect_ssi": {
                    "type": "aws_wafregional_rule",
                    "depends_on": [
                        "aws_wafregional_byte_match_set.match_ssi"
                    ],
                    "primary": {
                        "id": "f67e6c9b-5512-454e-8a0c-b8689c60170c",
                        "attributes": {
                            "id": "f67e6c9b-5512-454e-8a0c-b8689c60170c",
                            "metric_name": "managedgenericdetectssi",
                            "name": "managed-generic-detect-ssi",
                            "predicate.#": "1",
                            "predicate.3518632000.data_id": "75ba6b2c-111d-43f9-93ff-9902c90705e1",
                            "predicate.3518632000.negated": "false",
                            "predicate.3518632000.type": "ByteMatch"
                        },
                        "meta": {},
                        "tainted": false
                    },
                    "deposed": [],
                    "provider": "provider.aws"
                },
                "aws_wafregional_rule.enforce_csrf": {
                    "type": "aws_wafregional_rule",
                    "depends_on": [
                        "aws_wafregional_byte_match_set.match_csrf_method",
                        "aws_wafregional_size_constraint_set.csrf_token_set"
                    ],
                    "primary": {
                        "id": "ba3110b3-ef4e-4abd-a311-ea6ab61ae8dd",
                        "attributes": {
                            "id": "ba3110b3-ef4e-4abd-a311-ea6ab61ae8dd",
                            "metric_name": "managedgenericenforcecsrf",
                            "name": "managed-generic-enforce-csrf",
                            "predicate.#": "2",
                            "predicate.1062740231.data_id": "b4e6d2d3-57da-44c4-adb1-723a47d1d516",
                            "predicate.1062740231.negated": "false",
                            "predicate.1062740231.type": "ByteMatch",
                            "predicate.1529669023.data_id": "5b655a24-c41f-42ea-adfb-6d8f537749fb",
                            "predicate.1529669023.negated": "true",
                            "predicate.1529669023.type": "SizeConstraint"
                        },
                        "meta": {},
                        "tainted": false
                    },
                    "deposed": [],
                    "provider": "provider.aws"
                },
                "aws_wafregional_rule.mitigate_sqli": {
                    "type": "aws_wafregional_rule",
                    "depends_on": [
                        "aws_wafregional_sql_injection_match_set.sql_injection_match_set"
                    ],
                    "primary": {
                        "id": "988bc391-248d-4131-9b48-3ea6924db635",
                        "attributes": {
                            "id": "988bc391-248d-4131-9b48-3ea6924db635",
                            "metric_name": "managedgenericmitigatesqli",
                            "name": "managed-generic-mitigate-sqli",
                            "predicate.#": "1",
                            "predicate.2022544249.data_id": "9e35a3aa-2170-46df-89aa-4bb60525e25e",
                            "predicate.2022544249.negated": "false",
                            "predicate.2022544249.type": "SqlInjectionMatch"
                        },
                        "meta": {},
                        "tainted": false
                    },
                    "deposed": [],
                    "provider": "provider.aws"
                },
                "aws_wafregional_rule.mitigate_xss": {
                    "type": "aws_wafregional_rule",
                    "depends_on": [
                        "aws_wafregional_xss_match_set.xss_match_set"
                    ],
                    "primary": {
                        "id": "93b4b2c7-be4c-467d-a47e-6721966956f0",
                        "attributes": {
                            "id": "93b4b2c7-be4c-467d-a47e-6721966956f0",
                            "metric_name": "managedgenericmitigatexss",
                            "name": "managed-generic-mitigate-xss",
                            "predicate.#": "1",
                            "predicate.1721126002.data_id": "4359d3ee-c335-413d-8288-f2f079a7ae6f",
                            "predicate.1721126002.negated": "false",
                            "predicate.1721126002.type": "XssMatch"
                        },
                        "meta": {},
                        "tainted": false
                    },
                    "deposed": [],
                    "provider": "provider.aws"
                },
                "aws_wafregional_rule.restrict_sizes": {
                    "type": "aws_wafregional_rule",
                    "depends_on": [
                        "aws_wafregional_size_constraint_set.size_restrictions"
                    ],
                    "primary": {
                        "id": "7ccc4a14-7b8c-43c5-b037-94b7579adf58",
                        "attributes": {
                            "id": "7ccc4a14-7b8c-43c5-b037-94b7579adf58",
                            "metric_name": "managedgenericrestrictsizes",
                            "name": "managed-generic-restrict-sizes",
                            "predicate.#": "1",
                            "predicate.1272637620.data_id": "44bcdc1c-22d9-4bdb-b1c5-6d571b553b68",
                            "predicate.1272637620.negated": "false",
                            "predicate.1272637620.type": "SizeConstraint"
                        },
                        "meta": {},
                        "tainted": false
                    },
                    "deposed": [],
                    "provider": "provider.aws"
                },
                "aws_wafregional_size_constraint_set.csrf_token_set": {
                    "type": "aws_wafregional_size_constraint_set",
                    "depends_on": [],
                    "primary": {
                        "id": "5b655a24-c41f-42ea-adfb-6d8f537749fb",
                        "attributes": {
                            "id": "5b655a24-c41f-42ea-adfb-6d8f537749fb",
                            "name": "managed-generic-match-csrf-token",
                            "size_constraints.#": "1",
                            "size_constraints.3464377778.comparison_operator": "EQ",
                            "size_constraints.3464377778.field_to_match.#": "1",
                            "size_constraints.3464377778.field_to_match.1962021401.data": "x-csrf-token",
                            "size_constraints.3464377778.field_to_match.1962021401.type": "HEADER",
                            "size_constraints.3464377778.size": "36",
                            "size_constraints.3464377778.text_transformation": "NONE"
                        },
                        "meta": {},
                        "tainted": false
                    },
                    "deposed": [],
                    "provider": "provider.aws"
                },
                "aws_wafregional_size_constraint_set.size_restrictions": {
                    "type": "aws_wafregional_size_constraint_set",
                    "depends_on": [],
                    "primary": {
                        "id": "44bcdc1c-22d9-4bdb-b1c5-6d571b553b68",
                        "attributes": {
                            "id": "44bcdc1c-22d9-4bdb-b1c5-6d571b553b68",
                            "name": "managed-generic-size-restrictions",
                            "size_constraints.#": "4",
                            "size_constraints.2544105124.comparison_operator": "GT",
                            "size_constraints.2544105124.field_to_match.#": "1",
                            "size_constraints.2544105124.field_to_match.281401076.data": "",
                            "size_constraints.2544105124.field_to_match.281401076.type": "BODY",
                            "size_constraints.2544105124.size": "4096",
                            "size_constraints.2544105124.text_transformation": "NONE",
                            "size_constraints.311103665.comparison_operator": "GT",
                            "size_constraints.311103665.field_to_match.#": "1",
                            "size_constraints.311103665.field_to_match.3756326843.data": "",
                            "size_constraints.311103665.field_to_match.3756326843.type": "URI",
                            "size_constraints.311103665.size": "512",
                            "size_constraints.311103665.text_transformation": "NONE",
                            "size_constraints.471693018.comparison_operator": "GT",
                            "size_constraints.471693018.field_to_match.#": "1",
                            "size_constraints.471693018.field_to_match.2316364334.data": "",
                            "size_constraints.471693018.field_to_match.2316364334.type": "QUERY_STRING",
                            "size_constraints.471693018.size": "1024",
                            "size_constraints.471693018.text_transformation": "NONE",
                            "size_constraints.683332026.comparison_operator": "GT",
                            "size_constraints.683332026.field_to_match.#": "1",
                            "size_constraints.683332026.field_to_match.4211833750.data": "cookie",
                            "size_constraints.683332026.field_to_match.4211833750.type": "HEADER",
                            "size_constraints.683332026.size": "4093",
                            "size_constraints.683332026.text_transformation": "NONE"
                        },
                        "meta": {},
                        "tainted": false
                    },
                    "deposed": [],
                    "provider": "provider.aws"
                },
                "aws_wafregional_sql_injection_match_set.sql_injection_match_set": {
                    "type": "aws_wafregional_sql_injection_match_set",
                    "depends_on": [],
                    "primary": {
                        "id": "9e35a3aa-2170-46df-89aa-4bb60525e25e",
                        "attributes": {
                            "id": "9e35a3aa-2170-46df-89aa-4bb60525e25e",
                            "name": "managed-generic-detect-sqli",
                            "sql_injection_match_tuple.#": "8",
                            "sql_injection_match_tuple.122194161.field_to_match.#": "1",
                            "sql_injection_match_tuple.122194161.field_to_match.0.data": "cookie",
                            "sql_injection_match_tuple.122194161.field_to_match.0.type": "HEADER",
                            "sql_injection_match_tuple.122194161.text_transformation": "HTML_ENTITY_DECODE",
                            "sql_injection_match_tuple.1913782288.field_to_match.#": "1",
                            "sql_injection_match_tuple.1913782288.field_to_match.0.data": "",
                            "sql_injection_match_tuple.1913782288.field_to_match.0.type": "QUERY_STRING",
                            "sql_injection_match_tuple.1913782288.text_transformation": "URL_DECODE",
                            "sql_injection_match_tuple.3103723219.field_to_match.#": "1",
                            "sql_injection_match_tuple.3103723219.field_to_match.0.data": "",
                            "sql_injection_match_tuple.3103723219.field_to_match.0.type": "QUERY_STRING",
                            "sql_injection_match_tuple.3103723219.text_transformation": "HTML_ENTITY_DECODE",
                            "sql_injection_match_tuple.3106681513.field_to_match.#": "1",
                            "sql_injection_match_tuple.3106681513.field_to_match.0.data": "",
                            "sql_injection_match_tuple.3106681513.field_to_match.0.type": "URI",
                            "sql_injection_match_tuple.3106681513.text_transformation": "URL_DECODE",
                            "sql_injection_match_tuple.3994011699.field_to_match.#": "1",
                            "sql_injection_match_tuple.3994011699.field_to_match.0.data": "",
                            "sql_injection_match_tuple.3994011699.field_to_match.0.type": "URI",
                            "sql_injection_match_tuple.3994011699.text_transformation": "HTML_ENTITY_DECODE",
                            "sql_injection_match_tuple.4046653862.field_to_match.#": "1",
                            "sql_injection_match_tuple.4046653862.field_to_match.0.data": "cookie",
                            "sql_injection_match_tuple.4046653862.field_to_match.0.type": "HEADER",
                            "sql_injection_match_tuple.4046653862.text_transformation": "URL_DECODE",
                            "sql_injection_match_tuple.517259341.field_to_match.#": "1",
                            "sql_injection_match_tuple.517259341.field_to_match.0.data": "",
                            "sql_injection_match_tuple.517259341.field_to_match.0.type": "BODY",
                            "sql_injection_match_tuple.517259341.text_transformation": "URL_DECODE",
                            "sql_injection_match_tuple.565317802.field_to_match.#": "1",
                            "sql_injection_match_tuple.565317802.field_to_match.0.data": "",
                            "sql_injection_match_tuple.565317802.field_to_match.0.type": "BODY",
                            "sql_injection_match_tuple.565317802.text_transformation": "HTML_ENTITY_DECODE"
                        },
                        "meta": {},
                        "tainted": false
                    },
                    "deposed": [],
                    "provider": "provider.aws"
                },
                "aws_wafregional_web_acl.wafregional_acl": {
                    "type": "aws_wafregional_web_acl",
                    "depends_on": [
                        "aws_wafregional_rule.detect_admin_access",
                        "aws_wafregional_rule.detect_bad_auth_tokens",
                        "aws_wafregional_rule.detect_blacklisted_ips",
                        "aws_wafregional_rule.detect_php_insecure",
                        "aws_wafregional_rule.detect_rfi_lfi_traversal",
                        "aws_wafregional_rule.detect_ssi",
                        "aws_wafregional_rule.enforce_csrf",
                        "aws_wafregional_rule.mitigate_sqli",
                        "aws_wafregional_rule.mitigate_xss",
                        "aws_wafregional_rule.restrict_sizes"
                    ],
                    "primary": {
                        "id": "c3d29c58-462f-4b84-9196-b3aab9cd72a7",
                        "attributes": {
                            "arn": "arn:aws:waf-regional:us-west-2:315800796174:webacl/c3d29c58-462f-4b84-9196-b3aab9cd72a7",
                            "default_action.#": "1",
                            "default_action.0.type": "ALLOW",
                            "id": "c3d29c58-462f-4b84-9196-b3aab9cd72a7",
                            "logging_configuration.#": "0",
                            "metric_name": "managedgenericowaspacl",
                            "name": "managed-generic-owasp-acl",
                            "rule.#": "10",
                            "rule.1228989370.action.#": "1",
                            "rule.1228989370.action.0.type": "BLOCK",
                            "rule.1228989370.override_action.#": "0",
                            "rule.1228989370.priority": "3",
                            "rule.1228989370.rule_id": "c4746334-8378-4e2d-bee4-dd6081b5200d",
                            "rule.1228989370.type": "REGULAR",
                            "rule.1896097354.action.#": "1",
                            "rule.1896097354.action.0.type": "BLOCK",
                            "rule.1896097354.override_action.#": "0",
                            "rule.1896097354.priority": "7",
                            "rule.1896097354.rule_id": "93748323-ef7e-4c2c-8b9f-8ab81c01a3f8",
                            "rule.1896097354.type": "REGULAR",
                            "rule.2076349970.action.#": "1",
                            "rule.2076349970.action.0.type": "BLOCK",
                            "rule.2076349970.override_action.#": "0",
                            "rule.2076349970.priority": "5",
                            "rule.2076349970.rule_id": "93b4b2c7-be4c-467d-a47e-6721966956f0",
                            "rule.2076349970.type": "REGULAR",
                            "rule.2101030981.action.#": "1",
                            "rule.2101030981.action.0.type": "BLOCK",
                            "rule.2101030981.override_action.#": "0",
                            "rule.2101030981.priority": "4",
                            "rule.2101030981.rule_id": "988bc391-248d-4131-9b48-3ea6924db635",
                            "rule.2101030981.type": "REGULAR",
                            "rule.2242475445.action.#": "1",
                            "rule.2242475445.action.0.type": "BLOCK",
                            "rule.2242475445.override_action.#": "0",
                            "rule.2242475445.priority": "9",
                            "rule.2242475445.rule_id": "f67e6c9b-5512-454e-8a0c-b8689c60170c",
                            "rule.2242475445.type": "REGULAR",
                            "rule.3221140396.action.#": "1",
                            "rule.3221140396.action.0.type": "BLOCK",
                            "rule.3221140396.override_action.#": "0",
                            "rule.3221140396.priority": "2",
                            "rule.3221140396.rule_id": "e66723fa-3f17-4d7b-bc12-6ca4dd0589b4",
                            "rule.3221140396.type": "REGULAR",
                            "rule.3752009638.action.#": "1",
                            "rule.3752009638.action.0.type": "BLOCK",
                            "rule.3752009638.override_action.#": "0",
                            "rule.3752009638.priority": "6",
                            "rule.3752009638.rule_id": "1cd535ee-32c9-4bd9-a6a4-1270e667a45b",
                            "rule.3752009638.type": "REGULAR",
                            "rule.3935965106.action.#": "1",
                            "rule.3935965106.action.0.type": "ALLOW",
                            "rule.3935965106.override_action.#": "0",
                            "rule.3935965106.priority": "8",
                            "rule.3935965106.rule_id": "ba3110b3-ef4e-4abd-a311-ea6ab61ae8dd",
                            "rule.3935965106.type": "REGULAR",
                            "rule.4023728987.action.#": "1",
                            "rule.4023728987.action.0.type": "BLOCK",
                            "rule.4023728987.override_action.#": "0",
                            "rule.4023728987.priority": "1",
                            "rule.4023728987.rule_id": "7ccc4a14-7b8c-43c5-b037-94b7579adf58",
                            "rule.4023728987.type": "REGULAR",
                            "rule.721556378.action.#": "1",
                            "rule.721556378.action.0.type": "BLOCK",
                            "rule.721556378.override_action.#": "0",
                            "rule.721556378.priority": "10",
                            "rule.721556378.rule_id": "2f5a55bc-a4e5-4fb7-9430-5d69dc6fa846",
                            "rule.721556378.type": "REGULAR"
                        },
                        "meta": {},
                        "tainted": false
                    },
                    "deposed": [],
                    "provider": "provider.aws"
                },
                "aws_wafregional_web_acl_association.ext-alb": {
                    "type": "aws_wafregional_web_acl_association",
                    "depends_on": [
                        "aws_wafregional_web_acl.wafregional_acl",
                        "data.aws_alb.ext-alb"
                    ],
                    "primary": {
                        "id": "c3d29c58-462f-4b84-9196-b3aab9cd72a7:arn:aws:elasticloadbalancing:us-west-2:315800796174:loadbalancer/app/ext-alb/bed5122f4ed3d1bd",
                        "attributes": {
                            "id": "c3d29c58-462f-4b84-9196-b3aab9cd72a7:arn:aws:elasticloadbalancing:us-west-2:315800796174:loadbalancer/app/ext-alb/bed5122f4ed3d1bd",
                            "resource_arn": "arn:aws:elasticloadbalancing:us-west-2:315800796174:loadbalancer/app/ext-alb/bed5122f4ed3d1bd",
                            "web_acl_id": "c3d29c58-462f-4b84-9196-b3aab9cd72a7"
                        },
                        "meta": {},
                        "tainted": false
                    },
                    "deposed": [],
                    "provider": "provider.aws"
                },
                "aws_wafregional_xss_match_set.xss_match_set": {
                    "type": "aws_wafregional_xss_match_set",
                    "depends_on": [],
                    "primary": {
                        "id": "4359d3ee-c335-413d-8288-f2f079a7ae6f",
                        "attributes": {
                            "id": "4359d3ee-c335-413d-8288-f2f079a7ae6f",
                            "name": "managed-generic-detect-xss",
                            "xss_match_tuple.#": "8",
                            "xss_match_tuple.1998253716.field_to_match.#": "1",
                            "xss_match_tuple.1998253716.field_to_match.4211833750.data": "cookie",
                            "xss_match_tuple.1998253716.field_to_match.4211833750.type": "HEADER",
                            "xss_match_tuple.1998253716.text_transformation": "HTML_ENTITY_DECODE",
                            "xss_match_tuple.2049707526.field_to_match.#": "1",
                            "xss_match_tuple.2049707526.field_to_match.4211833750.data": "cookie",
                            "xss_match_tuple.2049707526.field_to_match.4211833750.type": "HEADER",
                            "xss_match_tuple.2049707526.text_transformation": "URL_DECODE",
                            "xss_match_tuple.218483100.field_to_match.#": "1",
                            "xss_match_tuple.218483100.field_to_match.3756326843.data": "",
                            "xss_match_tuple.218483100.field_to_match.3756326843.type": "URI",
                            "xss_match_tuple.218483100.text_transformation": "URL_DECODE",
                            "xss_match_tuple.2226285860.field_to_match.#": "1",
                            "xss_match_tuple.2226285860.field_to_match.281401076.data": "",
                            "xss_match_tuple.2226285860.field_to_match.281401076.type": "BODY",
                            "xss_match_tuple.2226285860.text_transformation": "URL_DECODE",
                            "xss_match_tuple.2793358536.field_to_match.#": "1",
                            "xss_match_tuple.2793358536.field_to_match.281401076.data": "",
                            "xss_match_tuple.2793358536.field_to_match.281401076.type": "BODY",
                            "xss_match_tuple.2793358536.text_transformation": "HTML_ENTITY_DECODE",
                            "xss_match_tuple.2880540553.field_to_match.#": "1",
                            "xss_match_tuple.2880540553.field_to_match.3756326843.data": "",
                            "xss_match_tuple.2880540553.field_to_match.3756326843.type": "URI",
                            "xss_match_tuple.2880540553.text_transformation": "HTML_ENTITY_DECODE",
                            "xss_match_tuple.3367958210.field_to_match.#": "1",
                            "xss_match_tuple.3367958210.field_to_match.2316364334.data": "",
                            "xss_match_tuple.3367958210.field_to_match.2316364334.type": "QUERY_STRING",
                            "xss_match_tuple.3367958210.text_transformation": "URL_DECODE",
                            "xss_match_tuple.3838722011.field_to_match.#": "1",
                            "xss_match_tuple.3838722011.field_to_match.2316364334.data": "",
                            "xss_match_tuple.3838722011.field_to_match.2316364334.type": "QUERY_STRING",
                            "xss_match_tuple.3838722011.text_transformation": "HTML_ENTITY_DECODE"
                        },
                        "meta": {},
                        "tainted": false
                    },
                    "deposed": [],
                    "provider": "provider.aws"
                },
                "data.aws_alb.ext-alb": {
                    "type": "aws_alb",
                    "depends_on": [],
                    "primary": {
                        "id": "arn:aws:elasticloadbalancing:us-west-2:315800796174:loadbalancer/app/ext-alb/bed5122f4ed3d1bd",
                        "attributes": {
                            "access_logs.#": "0",
                            "arn": "arn:aws:elasticloadbalancing:us-west-2:315800796174:loadbalancer/app/ext-alb/bed5122f4ed3d1bd",
                            "arn_suffix": "app/ext-alb/bed5122f4ed3d1bd",
                            "dns_name": "ext-alb-1257347000.us-west-2.elb.amazonaws.com",
                            "enable_deletion_protection": "false",
                            "id": "arn:aws:elasticloadbalancing:us-west-2:315800796174:loadbalancer/app/ext-alb/bed5122f4ed3d1bd",
                            "idle_timeout": "60",
                            "internal": "false",
                            "load_balancer_type": "application",
                            "name": "ext-alb",
                            "security_groups.#": "1",
                            "security_groups.2016354660": "sg-08e0d633855c2496c",
                            "subnet_mapping.#": "0",
                            "subnets.#": "2",
                            "subnets.2675127077": "subnet-0188b599f6afd0d8a",
                            "subnets.698591049": "subnet-044d858f073f03a6a",
                            "tags.%": "0",
                            "vpc_id": "vpc-0d49eb645cd8e72fb",
                            "zone_id": "Z1H1FL5HABSF5"
                        },
                        "meta": {},
                        "tainted": false
                    },
                    "deposed": [],
                    "provider": "provider.aws"
                }
            },
            "depends_on": []
        }
    ]
}
